// !$*UTF8*$!
{
	archiveVersion = 1;
	classes = {
	};
	objectVersion = 50;
	objects = {

/* Begin PBXBuildFile section */
		30A8C59A6DFC4CB2742ACB2A /* libPods-pokusaj3.a in Frameworks */ = {isa = PBXBuildFile; fileRef = E81BAE5BF9F7454CE187EFA1 /* libPods-pokusaj3.a */; };
		6A3F3A2220AF8D3800FDC1A1 /* AppDelegate.m in Sources */ = {isa = PBXBuildFile; fileRef = 6A3F3A2120AF8D3800FDC1A1 /* AppDelegate.m */; };
		6A3F3A2520AF8D3800FDC1A1 /* MovieListViewController.m in Sources */ = {isa = PBXBuildFile; fileRef = 6A3F3A2420AF8D3800FDC1A1 /* MovieListViewController.m */; };
		6A3F3A2820AF8D3800FDC1A1 /* Main.storyboard in Resources */ = {isa = PBXBuildFile; fileRef = 6A3F3A2620AF8D3800FDC1A1 /* Main.storyboard */; };
		6A3F3A2D20AF8D3800FDC1A1 /* Assets.xcassets in Resources */ = {isa = PBXBuildFile; fileRef = 6A3F3A2C20AF8D3800FDC1A1 /* Assets.xcassets */; };
		6A3F3A3020AF8D3800FDC1A1 /* LaunchScreen.storyboard in Resources */ = {isa = PBXBuildFile; fileRef = 6A3F3A2E20AF8D3800FDC1A1 /* LaunchScreen.storyboard */; };
		6A3F3A3320AF8D3800FDC1A1 /* main.m in Sources */ = {isa = PBXBuildFile; fileRef = 6A3F3A3220AF8D3800FDC1A1 /* main.m */; };
		6A3F3A3D20AF8D3800FDC1A1 /* pokusaj3Tests.m in Sources */ = {isa = PBXBuildFile; fileRef = 6A3F3A3C20AF8D3800FDC1A1 /* pokusaj3Tests.m */; };
		6A3F3A4820AF8D3900FDC1A1 /* pokusaj3UITests.m in Sources */ = {isa = PBXBuildFile; fileRef = 6A3F3A4720AF8D3900FDC1A1 /* pokusaj3UITests.m */; };
		6A78B67420B820E3006AFDF1 /* Movie.m in Sources */ = {isa = PBXBuildFile; fileRef = 6A78B67320B820E3006AFDF1 /* Movie.m */; };
		6A9D666A20B1BC400025EEAD /* CustomCellCollectionViewCell.m in Sources */ = {isa = PBXBuildFile; fileRef = 6A9D666920B1BC400025EEAD /* CustomCellCollectionViewCell.m */; };
		6AC7126120C5DCC500A7992D /* MovieDetailTableViewController.m in Sources */ = {isa = PBXBuildFile; fileRef = 6AC7126020C5DCC500A7992D /* MovieDetailTableViewController.m */; };
		6AC7126E20C69C1900A7992D /* MovieDetails.m in Sources */ = {isa = PBXBuildFile; fileRef = 6AC7126D20C69C1900A7992D /* MovieDetails.m */; };
		6AC7127120C960EE00A7992D /* Genre.m in Sources */ = {isa = PBXBuildFile; fileRef = 6AC7127020C960EE00A7992D /* Genre.m */; };
		6AC7127420C9D4F800A7992D /* Actor.m in Sources */ = {isa = PBXBuildFile; fileRef = 6AC7127320C9D4F800A7992D /* Actor.m */; };
		6AC7127720C9DCD900A7992D /* Credits.m in Sources */ = {isa = PBXBuildFile; fileRef = 6AC7127620C9DCD900A7992D /* Credits.m */; };
		6AC7127A20C9E2C500A7992D /* CrewMember.m in Sources */ = {isa = PBXBuildFile; fileRef = 6AC7127920C9E2C500A7992D /* CrewMember.m */; };
		6AC7127D20CAA7A100A7992D /* Image.m in Sources */ = {isa = PBXBuildFile; fileRef = 6AC7127C20CAA7A100A7992D /* Image.m */; };
		6AC7128020CAA85B00A7992D /* Images.m in Sources */ = {isa = PBXBuildFile; fileRef = 6AC7127F20CAA85B00A7992D /* Images.m */; };
		6AC7128420CAB5F800A7992D /* PosterInImageGalleryCollectionViewCell.m in Sources */ = {isa = PBXBuildFile; fileRef = 6AC7128220CAB5F800A7992D /* PosterInImageGalleryCollectionViewCell.m */; };
		6AC7128520CAB5F800A7992D /* PosterInImageGalleryCollectionViewCell.xib in Resources */ = {isa = PBXBuildFile; fileRef = 6AC7128320CAB5F800A7992D /* PosterInImageGalleryCollectionViewCell.xib */; };
		6AC7128920CAB6F500A7992D /* ActorCollectionViewCell.m in Sources */ = {isa = PBXBuildFile; fileRef = 6AC7128720CAB6F500A7992D /* ActorCollectionViewCell.m */; };
		6AC7128A20CAB6F500A7992D /* ActorCollectionViewCell.xib in Resources */ = {isa = PBXBuildFile; fileRef = 6AC7128820CAB6F500A7992D /* ActorCollectionViewCell.xib */; };
		6AC7128E20CABAB400A7992D /* CollectionTableViewCell.m in Sources */ = {isa = PBXBuildFile; fileRef = 6AC7128C20CABAB400A7992D /* CollectionTableViewCell.m */; };
		6AC7128F20CABAB400A7992D /* CollectionTableViewCell.xib in Resources */ = {isa = PBXBuildFile; fileRef = 6AC7128D20CABAB400A7992D /* CollectionTableViewCell.xib */; };
		6AC7129B20CF361800A7992D /* OneReviewTableViewCell.m in Sources */ = {isa = PBXBuildFile; fileRef = 6AC7129920CF361800A7992D /* OneReviewTableViewCell.m */; };
		6AC7129C20CF361800A7992D /* OneReviewTableViewCell.xib in Resources */ = {isa = PBXBuildFile; fileRef = 6AC7129A20CF361800A7992D /* OneReviewTableViewCell.xib */; };
		6AC712A520CF393500A7992D /* ActorDetailsTableViewCell.m in Sources */ = {isa = PBXBuildFile; fileRef = 6AC712A320CF393500A7992D /* ActorDetailsTableViewCell.m */; };
		6AC712A620CF393500A7992D /* ActorDetailsTableViewCell.xib in Resources */ = {isa = PBXBuildFile; fileRef = 6AC712A420CF393500A7992D /* ActorDetailsTableViewCell.xib */; };
		6AC712B220CF39EC00A7992D /* MovieCollectionViewCell.m in Sources */ = {isa = PBXBuildFile; fileRef = 6AC712B020CF39EC00A7992D /* MovieCollectionViewCell.m */; };
		6AC712B320CF39EC00A7992D /* MovieCollectionViewCell.xib in Resources */ = {isa = PBXBuildFile; fileRef = 6AC712B120CF39EC00A7992D /* MovieCollectionViewCell.xib */; };
		6AC712B620CF441700A7992D /* Reviews.m in Sources */ = {isa = PBXBuildFile; fileRef = 6AC712B520CF441700A7992D /* Reviews.m */; };
		6AC712B920CF446900A7992D /* Review.m in Sources */ = {isa = PBXBuildFile; fileRef = 6AC712B820CF446900A7992D /* Review.m */; };
		6AC712BD20CFD82200A7992D /* ActorDetailsTableViewController.m in Sources */ = {isa = PBXBuildFile; fileRef = 6AC712BC20CFD82200A7992D /* ActorDetailsTableViewController.m */; };
		6AC712C120D103F900A7992D /* ActorsMovieCollectionViewCell.m in Sources */ = {isa = PBXBuildFile; fileRef = 6AC712BF20D103F900A7992D /* ActorsMovieCollectionViewCell.m */; };
		6AC712C220D103F900A7992D /* ActorsMovieCollectionViewCell.xib in Resources */ = {isa = PBXBuildFile; fileRef = 6AC712C020D103F900A7992D /* ActorsMovieCollectionViewCell.xib */; };
		6AC712C520D12FCC00A7992D /* GalleryCollectionViewController.m in Sources */ = {isa = PBXBuildFile; fileRef = 6AC712C420D12FCC00A7992D /* GalleryCollectionViewController.m */; };
		6ACFD12020E269A600F32255 /* LGSideMenuHelper.m in Sources */ = {isa = PBXBuildFile; fileRef = 6ACFD11720E269A500F32255 /* LGSideMenuHelper.m */; };
		6ACFD12120E269A600F32255 /* LGSideMenuView.m in Sources */ = {isa = PBXBuildFile; fileRef = 6ACFD11920E269A500F32255 /* LGSideMenuView.m */; };
		6ACFD12220E269A600F32255 /* LGSideMenuSegue.m in Sources */ = {isa = PBXBuildFile; fileRef = 6ACFD11A20E269A500F32255 /* LGSideMenuSegue.m */; };
		6ACFD12320E269A600F32255 /* LGSideMenuController.m in Sources */ = {isa = PBXBuildFile; fileRef = 6ACFD11B20E269A600F32255 /* LGSideMenuController.m */; };
		6ACFD12420E269A600F32255 /* LGSideMenuGesturesHandler.m in Sources */ = {isa = PBXBuildFile; fileRef = 6ACFD11C20E269A600F32255 /* LGSideMenuGesturesHandler.m */; };
		6ACFD12520E269A600F32255 /* UIViewController+LGSideMenuController.m in Sources */ = {isa = PBXBuildFile; fileRef = 6ACFD11D20E269A600F32255 /* UIViewController+LGSideMenuController.m */; };
		6ACFD12620E269A600F32255 /* LGSideMenuBorderView.m in Sources */ = {isa = PBXBuildFile; fileRef = 6ACFD11F20E269A600F32255 /* LGSideMenuBorderView.m */; };
		6ACFD12920E2FD2600F32255 /* LeftSideViewController.m in Sources */ = {isa = PBXBuildFile; fileRef = 6ACFD12820E2FD2600F32255 /* LeftSideViewController.m */; };
		6ACFD12C20E3107900F32255 /* GalleryHeaderCollectionReusableView.m in Sources */ = {isa = PBXBuildFile; fileRef = 6ACFD12B20E3107900F32255 /* GalleryHeaderCollectionReusableView.m */; };
		6ACFD13220E3977B00F32255 /* VideoViewController.m in Sources */ = {isa = PBXBuildFile; fileRef = 6ACFD13120E3977B00F32255 /* VideoViewController.m */; };
		6ACFD13520E3A4B000F32255 /* LoginViewController.m in Sources */ = {isa = PBXBuildFile; fileRef = 6ACFD13420E3A4B000F32255 /* LoginViewController.m */; };
		6ACFD13820E3A73200F32255 /* User.m in Sources */ = {isa = PBXBuildFile; fileRef = 6ACFD13720E3A73100F32255 /* User.m */; };
		6ACFD13B20E3C24100F32255 /* Authentication.m in Sources */ = {isa = PBXBuildFile; fileRef = 6ACFD13A20E3C24100F32255 /* Authentication.m */; };
		6AE4535820C4B17D00E50641 /* VideoMovieDetailCell.m in Sources */ = {isa = PBXBuildFile; fileRef = 6AE4535620C4B17D00E50641 /* VideoMovieDetailCell.m */; };
		6AE4535920C4B17D00E50641 /* VideoMovieDetailCell.xib in Resources */ = {isa = PBXBuildFile; fileRef = 6AE4535720C4B17D00E50641 /* VideoMovieDetailCell.xib */; };
		6AE4535D20C4B1EA00E50641 /* BasicMovieDetailCell.m in Sources */ = {isa = PBXBuildFile; fileRef = 6AE4535B20C4B1EA00E50641 /* BasicMovieDetailCell.m */; };
		6AE4535E20C4B1EA00E50641 /* BasicMovieDetailCell.xib in Resources */ = {isa = PBXBuildFile; fileRef = 6AE4535C20C4B1EA00E50641 /* BasicMovieDetailCell.xib */; };
		6AF2C66220BEBCA2003C85CA /* SearchViewCell.m in Sources */ = {isa = PBXBuildFile; fileRef = 6AF2C66020BEBCA2003C85CA /* SearchViewCell.m */; };
		6AF2C66320BEBCA2003C85CA /* SearchViewCell.xib in Resources */ = {isa = PBXBuildFile; fileRef = 6AF2C66120BEBCA2003C85CA /* SearchViewCell.xib */; };
		6AF2C66620BFF80A003C85CA /* SearchMovieListController.m in Sources */ = {isa = PBXBuildFile; fileRef = 6AF2C66520BFF80A003C85CA /* SearchMovieListController.m */; };
		6AF2C66920BFFBCB003C85CA /* TMDbClass.m in Sources */ = {isa = PBXBuildFile; fileRef = 6AF2C66820BFFBCB003C85CA /* TMDbClass.m */; };
/* End PBXBuildFile section */

/* Begin PBXContainerItemProxy section */
		6A3F3A3920AF8D3800FDC1A1 /* PBXContainerItemProxy */ = {
			isa = PBXContainerItemProxy;
			containerPortal = 6A3F3A1520AF8D3800FDC1A1 /* Project object */;
			proxyType = 1;
			remoteGlobalIDString = 6A3F3A1C20AF8D3800FDC1A1;
			remoteInfo = pokusaj3;
		};
		6A3F3A4420AF8D3900FDC1A1 /* PBXContainerItemProxy */ = {
			isa = PBXContainerItemProxy;
			containerPortal = 6A3F3A1520AF8D3800FDC1A1 /* Project object */;
			proxyType = 1;
			remoteGlobalIDString = 6A3F3A1C20AF8D3800FDC1A1;
			remoteInfo = pokusaj3;
		};
/* End PBXContainerItemProxy section */

/* Begin PBXFileReference section */
		6A3F3A1D20AF8D3800FDC1A1 /* pokusaj3.app */ = {isa = PBXFileReference; explicitFileType = wrapper.application; includeInIndex = 0; path = pokusaj3.app; sourceTree = BUILT_PRODUCTS_DIR; };
		6A3F3A2020AF8D3800FDC1A1 /* AppDelegate.h */ = {isa = PBXFileReference; lastKnownFileType = sourcecode.c.h; path = AppDelegate.h; sourceTree = "<group>"; };
		6A3F3A2120AF8D3800FDC1A1 /* AppDelegate.m */ = {isa = PBXFileReference; lastKnownFileType = sourcecode.c.objc; path = AppDelegate.m; sourceTree = "<group>"; };
		6A3F3A2320AF8D3800FDC1A1 /* MovieListViewController.h */ = {isa = PBXFileReference; lastKnownFileType = sourcecode.c.h; path = MovieListViewController.h; sourceTree = "<group>"; };
		6A3F3A2420AF8D3800FDC1A1 /* MovieListViewController.m */ = {isa = PBXFileReference; lastKnownFileType = sourcecode.c.objc; path = MovieListViewController.m; sourceTree = "<group>"; };
		6A3F3A2720AF8D3800FDC1A1 /* Base */ = {isa = PBXFileReference; lastKnownFileType = file.storyboard; name = Base; path = Base.lproj/Main.storyboard; sourceTree = "<group>"; };
		6A3F3A2C20AF8D3800FDC1A1 /* Assets.xcassets */ = {isa = PBXFileReference; lastKnownFileType = folder.assetcatalog; path = Assets.xcassets; sourceTree = "<group>"; };
		6A3F3A2F20AF8D3800FDC1A1 /* Base */ = {isa = PBXFileReference; lastKnownFileType = file.storyboard; name = Base; path = Base.lproj/LaunchScreen.storyboard; sourceTree = "<group>"; };
		6A3F3A3120AF8D3800FDC1A1 /* Info.plist */ = {isa = PBXFileReference; lastKnownFileType = text.plist.xml; path = Info.plist; sourceTree = "<group>"; };
		6A3F3A3220AF8D3800FDC1A1 /* main.m */ = {isa = PBXFileReference; lastKnownFileType = sourcecode.c.objc; path = main.m; sourceTree = "<group>"; };
		6A3F3A3820AF8D3800FDC1A1 /* pokusaj3Tests.xctest */ = {isa = PBXFileReference; explicitFileType = wrapper.cfbundle; includeInIndex = 0; path = pokusaj3Tests.xctest; sourceTree = BUILT_PRODUCTS_DIR; };
		6A3F3A3C20AF8D3800FDC1A1 /* pokusaj3Tests.m */ = {isa = PBXFileReference; lastKnownFileType = sourcecode.c.objc; path = pokusaj3Tests.m; sourceTree = "<group>"; };
		6A3F3A3E20AF8D3800FDC1A1 /* Info.plist */ = {isa = PBXFileReference; lastKnownFileType = text.plist.xml; path = Info.plist; sourceTree = "<group>"; };
		6A3F3A4320AF8D3900FDC1A1 /* pokusaj3UITests.xctest */ = {isa = PBXFileReference; explicitFileType = wrapper.cfbundle; includeInIndex = 0; path = pokusaj3UITests.xctest; sourceTree = BUILT_PRODUCTS_DIR; };
		6A3F3A4720AF8D3900FDC1A1 /* pokusaj3UITests.m */ = {isa = PBXFileReference; lastKnownFileType = sourcecode.c.objc; path = pokusaj3UITests.m; sourceTree = "<group>"; };
		6A3F3A4920AF8D3900FDC1A1 /* Info.plist */ = {isa = PBXFileReference; lastKnownFileType = text.plist.xml; path = Info.plist; sourceTree = "<group>"; };
		6A78B67220B820E3006AFDF1 /* Movie.h */ = {isa = PBXFileReference; lastKnownFileType = sourcecode.c.h; path = Movie.h; sourceTree = "<group>"; };
		6A78B67320B820E3006AFDF1 /* Movie.m */ = {isa = PBXFileReference; lastKnownFileType = sourcecode.c.objc; path = Movie.m; sourceTree = "<group>"; };
		6A9D666820B1BC400025EEAD /* CustomCellCollectionViewCell.h */ = {isa = PBXFileReference; lastKnownFileType = sourcecode.c.h; path = CustomCellCollectionViewCell.h; sourceTree = "<group>"; };
		6A9D666920B1BC400025EEAD /* CustomCellCollectionViewCell.m */ = {isa = PBXFileReference; lastKnownFileType = sourcecode.c.objc; path = CustomCellCollectionViewCell.m; sourceTree = "<group>"; };
		6AC7125F20C5DCC500A7992D /* MovieDetailTableViewController.h */ = {isa = PBXFileReference; lastKnownFileType = sourcecode.c.h; path = MovieDetailTableViewController.h; sourceTree = "<group>"; };
		6AC7126020C5DCC500A7992D /* MovieDetailTableViewController.m */ = {isa = PBXFileReference; lastKnownFileType = sourcecode.c.objc; path = MovieDetailTableViewController.m; sourceTree = "<group>"; };
		6AC7126C20C69C1900A7992D /* MovieDetails.h */ = {isa = PBXFileReference; lastKnownFileType = sourcecode.c.h; path = MovieDetails.h; sourceTree = "<group>"; };
		6AC7126D20C69C1900A7992D /* MovieDetails.m */ = {isa = PBXFileReference; lastKnownFileType = sourcecode.c.objc; path = MovieDetails.m; sourceTree = "<group>"; };
		6AC7126F20C960EE00A7992D /* Genre.h */ = {isa = PBXFileReference; lastKnownFileType = sourcecode.c.h; path = Genre.h; sourceTree = "<group>"; };
		6AC7127020C960EE00A7992D /* Genre.m */ = {isa = PBXFileReference; lastKnownFileType = sourcecode.c.objc; path = Genre.m; sourceTree = "<group>"; };
		6AC7127220C9D4F800A7992D /* Actor.h */ = {isa = PBXFileReference; lastKnownFileType = sourcecode.c.h; path = Actor.h; sourceTree = "<group>"; };
		6AC7127320C9D4F800A7992D /* Actor.m */ = {isa = PBXFileReference; lastKnownFileType = sourcecode.c.objc; path = Actor.m; sourceTree = "<group>"; };
		6AC7127520C9DCD900A7992D /* Credits.h */ = {isa = PBXFileReference; lastKnownFileType = sourcecode.c.h; path = Credits.h; sourceTree = "<group>"; };
		6AC7127620C9DCD900A7992D /* Credits.m */ = {isa = PBXFileReference; lastKnownFileType = sourcecode.c.objc; path = Credits.m; sourceTree = "<group>"; };
		6AC7127820C9E2C500A7992D /* CrewMember.h */ = {isa = PBXFileReference; lastKnownFileType = sourcecode.c.h; path = CrewMember.h; sourceTree = "<group>"; };
		6AC7127920C9E2C500A7992D /* CrewMember.m */ = {isa = PBXFileReference; lastKnownFileType = sourcecode.c.objc; path = CrewMember.m; sourceTree = "<group>"; };
		6AC7127B20CAA7A100A7992D /* Image.h */ = {isa = PBXFileReference; lastKnownFileType = sourcecode.c.h; path = Image.h; sourceTree = "<group>"; };
		6AC7127C20CAA7A100A7992D /* Image.m */ = {isa = PBXFileReference; lastKnownFileType = sourcecode.c.objc; path = Image.m; sourceTree = "<group>"; };
		6AC7127E20CAA85B00A7992D /* Images.h */ = {isa = PBXFileReference; lastKnownFileType = sourcecode.c.h; path = Images.h; sourceTree = "<group>"; };
		6AC7127F20CAA85B00A7992D /* Images.m */ = {isa = PBXFileReference; lastKnownFileType = sourcecode.c.objc; path = Images.m; sourceTree = "<group>"; };
		6AC7128120CAB5F800A7992D /* PosterInImageGalleryCollectionViewCell.h */ = {isa = PBXFileReference; lastKnownFileType = sourcecode.c.h; path = PosterInImageGalleryCollectionViewCell.h; sourceTree = "<group>"; };
		6AC7128220CAB5F800A7992D /* PosterInImageGalleryCollectionViewCell.m */ = {isa = PBXFileReference; lastKnownFileType = sourcecode.c.objc; path = PosterInImageGalleryCollectionViewCell.m; sourceTree = "<group>"; };
		6AC7128320CAB5F800A7992D /* PosterInImageGalleryCollectionViewCell.xib */ = {isa = PBXFileReference; lastKnownFileType = file.xib; path = PosterInImageGalleryCollectionViewCell.xib; sourceTree = "<group>"; };
		6AC7128620CAB6F500A7992D /* ActorCollectionViewCell.h */ = {isa = PBXFileReference; lastKnownFileType = sourcecode.c.h; path = ActorCollectionViewCell.h; sourceTree = "<group>"; };
		6AC7128720CAB6F500A7992D /* ActorCollectionViewCell.m */ = {isa = PBXFileReference; lastKnownFileType = sourcecode.c.objc; path = ActorCollectionViewCell.m; sourceTree = "<group>"; };
		6AC7128820CAB6F500A7992D /* ActorCollectionViewCell.xib */ = {isa = PBXFileReference; lastKnownFileType = file.xib; path = ActorCollectionViewCell.xib; sourceTree = "<group>"; };
		6AC7128B20CABAB400A7992D /* CollectionTableViewCell.h */ = {isa = PBXFileReference; lastKnownFileType = sourcecode.c.h; path = CollectionTableViewCell.h; sourceTree = "<group>"; };
		6AC7128C20CABAB400A7992D /* CollectionTableViewCell.m */ = {isa = PBXFileReference; lastKnownFileType = sourcecode.c.objc; path = CollectionTableViewCell.m; sourceTree = "<group>"; };
		6AC7128D20CABAB400A7992D /* CollectionTableViewCell.xib */ = {isa = PBXFileReference; lastKnownFileType = file.xib; path = CollectionTableViewCell.xib; sourceTree = "<group>"; };
		6AC7129820CF361800A7992D /* OneReviewTableViewCell.h */ = {isa = PBXFileReference; lastKnownFileType = sourcecode.c.h; path = OneReviewTableViewCell.h; sourceTree = "<group>"; };
		6AC7129920CF361800A7992D /* OneReviewTableViewCell.m */ = {isa = PBXFileReference; lastKnownFileType = sourcecode.c.objc; path = OneReviewTableViewCell.m; sourceTree = "<group>"; };
		6AC7129A20CF361800A7992D /* OneReviewTableViewCell.xib */ = {isa = PBXFileReference; lastKnownFileType = file.xib; path = OneReviewTableViewCell.xib; sourceTree = "<group>"; };
		6AC712A220CF393500A7992D /* ActorDetailsTableViewCell.h */ = {isa = PBXFileReference; lastKnownFileType = sourcecode.c.h; path = ActorDetailsTableViewCell.h; sourceTree = "<group>"; };
		6AC712A320CF393500A7992D /* ActorDetailsTableViewCell.m */ = {isa = PBXFileReference; lastKnownFileType = sourcecode.c.objc; path = ActorDetailsTableViewCell.m; sourceTree = "<group>"; };
		6AC712A420CF393500A7992D /* ActorDetailsTableViewCell.xib */ = {isa = PBXFileReference; lastKnownFileType = file.xib; path = ActorDetailsTableViewCell.xib; sourceTree = "<group>"; };
		6AC712AF20CF39EC00A7992D /* MovieCollectionViewCell.h */ = {isa = PBXFileReference; lastKnownFileType = sourcecode.c.h; path = MovieCollectionViewCell.h; sourceTree = "<group>"; };
		6AC712B020CF39EC00A7992D /* MovieCollectionViewCell.m */ = {isa = PBXFileReference; lastKnownFileType = sourcecode.c.objc; path = MovieCollectionViewCell.m; sourceTree = "<group>"; };
		6AC712B120CF39EC00A7992D /* MovieCollectionViewCell.xib */ = {isa = PBXFileReference; lastKnownFileType = file.xib; path = MovieCollectionViewCell.xib; sourceTree = "<group>"; };
		6AC712B420CF441700A7992D /* Reviews.h */ = {isa = PBXFileReference; lastKnownFileType = sourcecode.c.h; path = Reviews.h; sourceTree = "<group>"; };
		6AC712B520CF441700A7992D /* Reviews.m */ = {isa = PBXFileReference; lastKnownFileType = sourcecode.c.objc; path = Reviews.m; sourceTree = "<group>"; };
		6AC712B720CF446900A7992D /* Review.h */ = {isa = PBXFileReference; lastKnownFileType = sourcecode.c.h; path = Review.h; sourceTree = "<group>"; };
		6AC712B820CF446900A7992D /* Review.m */ = {isa = PBXFileReference; lastKnownFileType = sourcecode.c.objc; path = Review.m; sourceTree = "<group>"; };
		6AC712BB20CFD82200A7992D /* ActorDetailsTableViewController.h */ = {isa = PBXFileReference; lastKnownFileType = sourcecode.c.h; path = ActorDetailsTableViewController.h; sourceTree = "<group>"; };
		6AC712BC20CFD82200A7992D /* ActorDetailsTableViewController.m */ = {isa = PBXFileReference; lastKnownFileType = sourcecode.c.objc; path = ActorDetailsTableViewController.m; sourceTree = "<group>"; };
		6AC712BE20D103F900A7992D /* ActorsMovieCollectionViewCell.h */ = {isa = PBXFileReference; lastKnownFileType = sourcecode.c.h; path = ActorsMovieCollectionViewCell.h; sourceTree = "<group>"; };
		6AC712BF20D103F900A7992D /* ActorsMovieCollectionViewCell.m */ = {isa = PBXFileReference; lastKnownFileType = sourcecode.c.objc; path = ActorsMovieCollectionViewCell.m; sourceTree = "<group>"; };
		6AC712C020D103F900A7992D /* ActorsMovieCollectionViewCell.xib */ = {isa = PBXFileReference; lastKnownFileType = file.xib; path = ActorsMovieCollectionViewCell.xib; sourceTree = "<group>"; };
		6AC712C320D12FCC00A7992D /* GalleryCollectionViewController.h */ = {isa = PBXFileReference; lastKnownFileType = sourcecode.c.h; path = GalleryCollectionViewController.h; sourceTree = "<group>"; };
		6AC712C420D12FCC00A7992D /* GalleryCollectionViewController.m */ = {isa = PBXFileReference; lastKnownFileType = sourcecode.c.objc; path = GalleryCollectionViewController.m; sourceTree = "<group>"; };
		6ACFD11220E269A500F32255 /* LGSideMenuSegue.h */ = {isa = PBXFileReference; fileEncoding = 4; lastKnownFileType = sourcecode.c.h; path = LGSideMenuSegue.h; sourceTree = "<group>"; };
		6ACFD11320E269A500F32255 /* LGSideMenuView.h */ = {isa = PBXFileReference; fileEncoding = 4; lastKnownFileType = sourcecode.c.h; path = LGSideMenuView.h; sourceTree = "<group>"; };
		6ACFD11420E269A500F32255 /* LGSideMenuController.h */ = {isa = PBXFileReference; fileEncoding = 4; lastKnownFileType = sourcecode.c.h; path = LGSideMenuController.h; sourceTree = "<group>"; };
		6ACFD11520E269A500F32255 /* LGSideMenuGesturesHandler.h */ = {isa = PBXFileReference; fileEncoding = 4; lastKnownFileType = sourcecode.c.h; path = LGSideMenuGesturesHandler.h; sourceTree = "<group>"; };
		6ACFD11620E269A500F32255 /* LGSideMenuBorderView.h */ = {isa = PBXFileReference; fileEncoding = 4; lastKnownFileType = sourcecode.c.h; path = LGSideMenuBorderView.h; sourceTree = "<group>"; };
		6ACFD11720E269A500F32255 /* LGSideMenuHelper.m */ = {isa = PBXFileReference; fileEncoding = 4; lastKnownFileType = sourcecode.c.objc; path = LGSideMenuHelper.m; sourceTree = "<group>"; };
		6ACFD11820E269A500F32255 /* UIViewController+LGSideMenuController.h */ = {isa = PBXFileReference; fileEncoding = 4; lastKnownFileType = sourcecode.c.h; path = "UIViewController+LGSideMenuController.h"; sourceTree = "<group>"; };
		6ACFD11920E269A500F32255 /* LGSideMenuView.m */ = {isa = PBXFileReference; fileEncoding = 4; lastKnownFileType = sourcecode.c.objc; path = LGSideMenuView.m; sourceTree = "<group>"; };
		6ACFD11A20E269A500F32255 /* LGSideMenuSegue.m */ = {isa = PBXFileReference; fileEncoding = 4; lastKnownFileType = sourcecode.c.objc; path = LGSideMenuSegue.m; sourceTree = "<group>"; };
		6ACFD11B20E269A600F32255 /* LGSideMenuController.m */ = {isa = PBXFileReference; fileEncoding = 4; lastKnownFileType = sourcecode.c.objc; path = LGSideMenuController.m; sourceTree = "<group>"; };
		6ACFD11C20E269A600F32255 /* LGSideMenuGesturesHandler.m */ = {isa = PBXFileReference; fileEncoding = 4; lastKnownFileType = sourcecode.c.objc; path = LGSideMenuGesturesHandler.m; sourceTree = "<group>"; };
		6ACFD11D20E269A600F32255 /* UIViewController+LGSideMenuController.m */ = {isa = PBXFileReference; fileEncoding = 4; lastKnownFileType = sourcecode.c.objc; path = "UIViewController+LGSideMenuController.m"; sourceTree = "<group>"; };
		6ACFD11E20E269A600F32255 /* LGSideMenuHelper.h */ = {isa = PBXFileReference; fileEncoding = 4; lastKnownFileType = sourcecode.c.h; path = LGSideMenuHelper.h; sourceTree = "<group>"; };
		6ACFD11F20E269A600F32255 /* LGSideMenuBorderView.m */ = {isa = PBXFileReference; fileEncoding = 4; lastKnownFileType = sourcecode.c.objc; path = LGSideMenuBorderView.m; sourceTree = "<group>"; };
		6ACFD12720E2FD2600F32255 /* LeftSideViewController.h */ = {isa = PBXFileReference; lastKnownFileType = sourcecode.c.h; path = LeftSideViewController.h; sourceTree = "<group>"; };
		6ACFD12820E2FD2600F32255 /* LeftSideViewController.m */ = {isa = PBXFileReference; lastKnownFileType = sourcecode.c.objc; path = LeftSideViewController.m; sourceTree = "<group>"; };
		6ACFD12A20E3107900F32255 /* GalleryHeaderCollectionReusableView.h */ = {isa = PBXFileReference; lastKnownFileType = sourcecode.c.h; path = GalleryHeaderCollectionReusableView.h; sourceTree = "<group>"; };
		6ACFD12B20E3107900F32255 /* GalleryHeaderCollectionReusableView.m */ = {isa = PBXFileReference; lastKnownFileType = sourcecode.c.objc; path = GalleryHeaderCollectionReusableView.m; sourceTree = "<group>"; };
		6ACFD13020E3977B00F32255 /* VideoViewController.h */ = {isa = PBXFileReference; lastKnownFileType = sourcecode.c.h; path = VideoViewController.h; sourceTree = "<group>"; };
		6ACFD13120E3977B00F32255 /* VideoViewController.m */ = {isa = PBXFileReference; lastKnownFileType = sourcecode.c.objc; path = VideoViewController.m; sourceTree = "<group>"; };
		6ACFD13320E3A4B000F32255 /* LoginViewController.h */ = {isa = PBXFileReference; lastKnownFileType = sourcecode.c.h; path = LoginViewController.h; sourceTree = "<group>"; };
		6ACFD13420E3A4B000F32255 /* LoginViewController.m */ = {isa = PBXFileReference; lastKnownFileType = sourcecode.c.objc; path = LoginViewController.m; sourceTree = "<group>"; };
		6ACFD13620E3A73100F32255 /* User.h */ = {isa = PBXFileReference; lastKnownFileType = sourcecode.c.h; path = User.h; sourceTree = "<group>"; };
		6ACFD13720E3A73100F32255 /* User.m */ = {isa = PBXFileReference; lastKnownFileType = sourcecode.c.objc; path = User.m; sourceTree = "<group>"; };
		6ACFD13920E3C24100F32255 /* Authentication.h */ = {isa = PBXFileReference; lastKnownFileType = sourcecode.c.h; path = Authentication.h; sourceTree = "<group>"; };
		6ACFD13A20E3C24100F32255 /* Authentication.m */ = {isa = PBXFileReference; lastKnownFileType = sourcecode.c.objc; path = Authentication.m; sourceTree = "<group>"; };
		6AE4535520C4B17D00E50641 /* VideoMovieDetailCell.h */ = {isa = PBXFileReference; lastKnownFileType = sourcecode.c.h; path = VideoMovieDetailCell.h; sourceTree = "<group>"; };
		6AE4535620C4B17D00E50641 /* VideoMovieDetailCell.m */ = {isa = PBXFileReference; lastKnownFileType = sourcecode.c.objc; path = VideoMovieDetailCell.m; sourceTree = "<group>"; };
		6AE4535720C4B17D00E50641 /* VideoMovieDetailCell.xib */ = {isa = PBXFileReference; lastKnownFileType = file.xib; path = VideoMovieDetailCell.xib; sourceTree = "<group>"; };
		6AE4535A20C4B1EA00E50641 /* BasicMovieDetailCell.h */ = {isa = PBXFileReference; lastKnownFileType = sourcecode.c.h; path = BasicMovieDetailCell.h; sourceTree = "<group>"; };
		6AE4535B20C4B1EA00E50641 /* BasicMovieDetailCell.m */ = {isa = PBXFileReference; lastKnownFileType = sourcecode.c.objc; path = BasicMovieDetailCell.m; sourceTree = "<group>"; };
		6AE4535C20C4B1EA00E50641 /* BasicMovieDetailCell.xib */ = {isa = PBXFileReference; lastKnownFileType = file.xib; path = BasicMovieDetailCell.xib; sourceTree = "<group>"; };
		6AF2C65F20BEBCA2003C85CA /* SearchViewCell.h */ = {isa = PBXFileReference; lastKnownFileType = sourcecode.c.h; path = SearchViewCell.h; sourceTree = "<group>"; };
		6AF2C66020BEBCA2003C85CA /* SearchViewCell.m */ = {isa = PBXFileReference; lastKnownFileType = sourcecode.c.objc; path = SearchViewCell.m; sourceTree = "<group>"; };
		6AF2C66120BEBCA2003C85CA /* SearchViewCell.xib */ = {isa = PBXFileReference; lastKnownFileType = file.xib; path = SearchViewCell.xib; sourceTree = "<group>"; };
		6AF2C66420BFF80A003C85CA /* SearchMovieListController.h */ = {isa = PBXFileReference; lastKnownFileType = sourcecode.c.h; path = SearchMovieListController.h; sourceTree = "<group>"; };
		6AF2C66520BFF80A003C85CA /* SearchMovieListController.m */ = {isa = PBXFileReference; lastKnownFileType = sourcecode.c.objc; path = SearchMovieListController.m; sourceTree = "<group>"; };
		6AF2C66720BFFBCB003C85CA /* TMDbClass.h */ = {isa = PBXFileReference; lastKnownFileType = sourcecode.c.h; path = TMDbClass.h; sourceTree = "<group>"; };
		6AF2C66820BFFBCB003C85CA /* TMDbClass.m */ = {isa = PBXFileReference; lastKnownFileType = sourcecode.c.objc; path = TMDbClass.m; sourceTree = "<group>"; };
		6FFF05B0DE3E7510128457EA /* Pods-pokusaj3.release.xcconfig */ = {isa = PBXFileReference; includeInIndex = 1; lastKnownFileType = text.xcconfig; name = "Pods-pokusaj3.release.xcconfig"; path = "Pods/Target Support Files/Pods-pokusaj3/Pods-pokusaj3.release.xcconfig"; sourceTree = "<group>"; };
		E5844F65BC61865C19896307 /* Pods-pokusaj3.debug.xcconfig */ = {isa = PBXFileReference; includeInIndex = 1; lastKnownFileType = text.xcconfig; name = "Pods-pokusaj3.debug.xcconfig"; path = "Pods/Target Support Files/Pods-pokusaj3/Pods-pokusaj3.debug.xcconfig"; sourceTree = "<group>"; };
		E81BAE5BF9F7454CE187EFA1 /* libPods-pokusaj3.a */ = {isa = PBXFileReference; explicitFileType = archive.ar; includeInIndex = 0; path = "libPods-pokusaj3.a"; sourceTree = BUILT_PRODUCTS_DIR; };
/* End PBXFileReference section */

/* Begin PBXFrameworksBuildPhase section */
		6A3F3A1A20AF8D3800FDC1A1 /* Frameworks */ = {
			isa = PBXFrameworksBuildPhase;
			buildActionMask = 2147483647;
			files = (
				30A8C59A6DFC4CB2742ACB2A /* libPods-pokusaj3.a in Frameworks */,
			);
			runOnlyForDeploymentPostprocessing = 0;
		};
		6A3F3A3520AF8D3800FDC1A1 /* Frameworks */ = {
			isa = PBXFrameworksBuildPhase;
			buildActionMask = 2147483647;
			files = (
			);
			runOnlyForDeploymentPostprocessing = 0;
		};
		6A3F3A4020AF8D3900FDC1A1 /* Frameworks */ = {
			isa = PBXFrameworksBuildPhase;
			buildActionMask = 2147483647;
			files = (
			);
			runOnlyForDeploymentPostprocessing = 0;
		};
/* End PBXFrameworksBuildPhase section */

/* Begin PBXGroup section */
		6A3F3A1420AF8D3800FDC1A1 = {
			isa = PBXGroup;
			children = (
				6A3F3A1F20AF8D3800FDC1A1 /* pokusaj3 */,
				6A3F3A3B20AF8D3800FDC1A1 /* pokusaj3Tests */,
				6A3F3A4620AF8D3900FDC1A1 /* pokusaj3UITests */,
				6A3F3A1E20AF8D3800FDC1A1 /* Products */,
				FDCD1D57AB67461626016058 /* Pods */,
				AE77719AC436A0F7438E1C7C /* Frameworks */,
			);
			sourceTree = "<group>";
			usesTabs = 0;
		};
		6A3F3A1E20AF8D3800FDC1A1 /* Products */ = {
			isa = PBXGroup;
			children = (
				6A3F3A1D20AF8D3800FDC1A1 /* pokusaj3.app */,
				6A3F3A3820AF8D3800FDC1A1 /* pokusaj3Tests.xctest */,
				6A3F3A4320AF8D3900FDC1A1 /* pokusaj3UITests.xctest */,
			);
			name = Products;
			sourceTree = "<group>";
		};
		6A3F3A1F20AF8D3800FDC1A1 /* pokusaj3 */ = {
			isa = PBXGroup;
			children = (
				6A3F3A2020AF8D3800FDC1A1 /* AppDelegate.h */,
				6A3F3A2120AF8D3800FDC1A1 /* AppDelegate.m */,
				6AF2C65D20BEBC5F003C85CA /* Model */,
				6AF2C65C20BEBC58003C85CA /* View */,
				6AF2C65B20BEBC4C003C85CA /* Controller */,
				6A3F3A2620AF8D3800FDC1A1 /* Main.storyboard */,
				6A3F3A2E20AF8D3800FDC1A1 /* LaunchScreen.storyboard */,
				6A3F3A2C20AF8D3800FDC1A1 /* Assets.xcassets */,
				6A3F3A3120AF8D3800FDC1A1 /* Info.plist */,
				6A3F3A3220AF8D3800FDC1A1 /* main.m */,
			);
			path = pokusaj3;
			sourceTree = "<group>";
		};
		6A3F3A3B20AF8D3800FDC1A1 /* pokusaj3Tests */ = {
			isa = PBXGroup;
			children = (
				6A3F3A3C20AF8D3800FDC1A1 /* pokusaj3Tests.m */,
				6A3F3A3E20AF8D3800FDC1A1 /* Info.plist */,
			);
			path = pokusaj3Tests;
			sourceTree = "<group>";
		};
		6A3F3A4620AF8D3900FDC1A1 /* pokusaj3UITests */ = {
			isa = PBXGroup;
			children = (
				6A3F3A4720AF8D3900FDC1A1 /* pokusaj3UITests.m */,
				6A3F3A4920AF8D3900FDC1A1 /* Info.plist */,
			);
			path = pokusaj3UITests;
			sourceTree = "<group>";
		};
		6ACFD11120E269A500F32255 /* LGSideMenuController */ = {
			isa = PBXGroup;
			children = (
				6ACFD11220E269A500F32255 /* LGSideMenuSegue.h */,
				6ACFD11320E269A500F32255 /* LGSideMenuView.h */,
				6ACFD11420E269A500F32255 /* LGSideMenuController.h */,
				6ACFD11520E269A500F32255 /* LGSideMenuGesturesHandler.h */,
				6ACFD11620E269A500F32255 /* LGSideMenuBorderView.h */,
				6ACFD11720E269A500F32255 /* LGSideMenuHelper.m */,
				6ACFD11820E269A500F32255 /* UIViewController+LGSideMenuController.h */,
				6ACFD11920E269A500F32255 /* LGSideMenuView.m */,
				6ACFD11A20E269A500F32255 /* LGSideMenuSegue.m */,
				6ACFD11B20E269A600F32255 /* LGSideMenuController.m */,
				6ACFD11C20E269A600F32255 /* LGSideMenuGesturesHandler.m */,
				6ACFD11D20E269A600F32255 /* UIViewController+LGSideMenuController.m */,
				6ACFD11E20E269A600F32255 /* LGSideMenuHelper.h */,
				6ACFD11F20E269A600F32255 /* LGSideMenuBorderView.m */,
			);
			path = LGSideMenuController;
			sourceTree = "<group>";
		};
		6AF2C65B20BEBC4C003C85CA /* Controller */ = {
			isa = PBXGroup;
			children = (
				6ACFD11120E269A500F32255 /* LGSideMenuController */,
				6A3F3A2320AF8D3800FDC1A1 /* MovieListViewController.h */,
				6A3F3A2420AF8D3800FDC1A1 /* MovieListViewController.m */,
				6AF2C66420BFF80A003C85CA /* SearchMovieListController.h */,
				6AF2C66520BFF80A003C85CA /* SearchMovieListController.m */,
				6AC7125F20C5DCC500A7992D /* MovieDetailTableViewController.h */,
				6AC7126020C5DCC500A7992D /* MovieDetailTableViewController.m */,
				6AC712BB20CFD82200A7992D /* ActorDetailsTableViewController.h */,
				6AC712BC20CFD82200A7992D /* ActorDetailsTableViewController.m */,
				6AC712C320D12FCC00A7992D /* GalleryCollectionViewController.h */,
				6AC712C420D12FCC00A7992D /* GalleryCollectionViewController.m */,
				6ACFD12720E2FD2600F32255 /* LeftSideViewController.h */,
				6ACFD12820E2FD2600F32255 /* LeftSideViewController.m */,
				6ACFD13020E3977B00F32255 /* VideoViewController.h */,
				6ACFD13120E3977B00F32255 /* VideoViewController.m */,
				6ACFD13320E3A4B000F32255 /* LoginViewController.h */,
				6ACFD13420E3A4B000F32255 /* LoginViewController.m */,
			);
			path = Controller;
			sourceTree = "<group>";
		};
		6AF2C65C20BEBC58003C85CA /* View */ = {
			isa = PBXGroup;
			children = (
				6AC712A220CF393500A7992D /* ActorDetailsTableViewCell.h */,
				6AC712A320CF393500A7992D /* ActorDetailsTableViewCell.m */,
				6AC712A420CF393500A7992D /* ActorDetailsTableViewCell.xib */,
				6AF2C65F20BEBCA2003C85CA /* SearchViewCell.h */,
				6AF2C66020BEBCA2003C85CA /* SearchViewCell.m */,
				6AF2C66120BEBCA2003C85CA /* SearchViewCell.xib */,
				6A9D666820B1BC400025EEAD /* CustomCellCollectionViewCell.h */,
				6A9D666920B1BC400025EEAD /* CustomCellCollectionViewCell.m */,
				6AE4535520C4B17D00E50641 /* VideoMovieDetailCell.h */,
				6AE4535620C4B17D00E50641 /* VideoMovieDetailCell.m */,
				6AE4535720C4B17D00E50641 /* VideoMovieDetailCell.xib */,
				6AE4535A20C4B1EA00E50641 /* BasicMovieDetailCell.h */,
				6AE4535B20C4B1EA00E50641 /* BasicMovieDetailCell.m */,
				6AE4535C20C4B1EA00E50641 /* BasicMovieDetailCell.xib */,
				6AC7128120CAB5F800A7992D /* PosterInImageGalleryCollectionViewCell.h */,
				6AC7128220CAB5F800A7992D /* PosterInImageGalleryCollectionViewCell.m */,
				6AC7128320CAB5F800A7992D /* PosterInImageGalleryCollectionViewCell.xib */,
				6AC7128620CAB6F500A7992D /* ActorCollectionViewCell.h */,
				6AC7128720CAB6F500A7992D /* ActorCollectionViewCell.m */,
				6AC7128820CAB6F500A7992D /* ActorCollectionViewCell.xib */,
				6AC7128B20CABAB400A7992D /* CollectionTableViewCell.h */,
				6AC7128C20CABAB400A7992D /* CollectionTableViewCell.m */,
				6AC7128D20CABAB400A7992D /* CollectionTableViewCell.xib */,
				6AC7129820CF361800A7992D /* OneReviewTableViewCell.h */,
				6AC7129920CF361800A7992D /* OneReviewTableViewCell.m */,
				6AC7129A20CF361800A7992D /* OneReviewTableViewCell.xib */,
				6AC712AF20CF39EC00A7992D /* MovieCollectionViewCell.h */,
				6AC712B020CF39EC00A7992D /* MovieCollectionViewCell.m */,
				6AC712B120CF39EC00A7992D /* MovieCollectionViewCell.xib */,
				6AC712BE20D103F900A7992D /* ActorsMovieCollectionViewCell.h */,
				6AC712BF20D103F900A7992D /* ActorsMovieCollectionViewCell.m */,
				6AC712C020D103F900A7992D /* ActorsMovieCollectionViewCell.xib */,
				6ACFD12A20E3107900F32255 /* GalleryHeaderCollectionReusableView.h */,
				6ACFD12B20E3107900F32255 /* GalleryHeaderCollectionReusableView.m */,
			);
			path = View;
			sourceTree = "<group>";
		};
		6AF2C65D20BEBC5F003C85CA /* Model */ = {
			isa = PBXGroup;
			children = (
				6A78B67220B820E3006AFDF1 /* Movie.h */,
				6A78B67320B820E3006AFDF1 /* Movie.m */,
				6AF2C66720BFFBCB003C85CA /* TMDbClass.h */,
				6AF2C66820BFFBCB003C85CA /* TMDbClass.m */,
				6AC7126C20C69C1900A7992D /* MovieDetails.h */,
				6AC7126D20C69C1900A7992D /* MovieDetails.m */,
				6AC7126F20C960EE00A7992D /* Genre.h */,
				6AC7127020C960EE00A7992D /* Genre.m */,
				6AC7127220C9D4F800A7992D /* Actor.h */,
				6AC7127320C9D4F800A7992D /* Actor.m */,
				6AC7127520C9DCD900A7992D /* Credits.h */,
				6AC7127620C9DCD900A7992D /* Credits.m */,
				6AC7127820C9E2C500A7992D /* CrewMember.h */,
				6AC7127920C9E2C500A7992D /* CrewMember.m */,
				6AC7127B20CAA7A100A7992D /* Image.h */,
				6AC7127C20CAA7A100A7992D /* Image.m */,
				6AC7127E20CAA85B00A7992D /* Images.h */,
				6AC7127F20CAA85B00A7992D /* Images.m */,
				6AC712B420CF441700A7992D /* Reviews.h */,
				6AC712B520CF441700A7992D /* Reviews.m */,
				6AC712B720CF446900A7992D /* Review.h */,
				6AC712B820CF446900A7992D /* Review.m */,
				6ACFD13620E3A73100F32255 /* User.h */,
				6ACFD13720E3A73100F32255 /* User.m */,
				6ACFD13920E3C24100F32255 /* Authentication.h */,
				6ACFD13A20E3C24100F32255 /* Authentication.m */,
			);
			path = Model;
			sourceTree = "<group>";
		};
		AE77719AC436A0F7438E1C7C /* Frameworks */ = {
			isa = PBXGroup;
			children = (
				E81BAE5BF9F7454CE187EFA1 /* libPods-pokusaj3.a */,
			);
			name = Frameworks;
			sourceTree = "<group>";
		};
		FDCD1D57AB67461626016058 /* Pods */ = {
			isa = PBXGroup;
			children = (
				E5844F65BC61865C19896307 /* Pods-pokusaj3.debug.xcconfig */,
				6FFF05B0DE3E7510128457EA /* Pods-pokusaj3.release.xcconfig */,
			);
			name = Pods;
			sourceTree = "<group>";
		};
/* End PBXGroup section */

/* Begin PBXNativeTarget section */
		6A3F3A1C20AF8D3800FDC1A1 /* pokusaj3 */ = {
			isa = PBXNativeTarget;
			buildConfigurationList = 6A3F3A4C20AF8D3900FDC1A1 /* Build configuration list for PBXNativeTarget "pokusaj3" */;
			buildPhases = (
				85DE63E46AFEA805AC017D8F /* [CP] Check Pods Manifest.lock */,
				6A3F3A1920AF8D3800FDC1A1 /* Sources */,
				6A3F3A1A20AF8D3800FDC1A1 /* Frameworks */,
				6A3F3A1B20AF8D3800FDC1A1 /* Resources */,
				D8C7912F7DFBF4E676934531 /* [CP] Copy Pods Resources */,
			);
			buildRules = (
			);
			dependencies = (
			);
			name = pokusaj3;
			productName = pokusaj3;
			productReference = 6A3F3A1D20AF8D3800FDC1A1 /* pokusaj3.app */;
			productType = "com.apple.product-type.application";
		};
		6A3F3A3720AF8D3800FDC1A1 /* pokusaj3Tests */ = {
			isa = PBXNativeTarget;
			buildConfigurationList = 6A3F3A4F20AF8D3900FDC1A1 /* Build configuration list for PBXNativeTarget "pokusaj3Tests" */;
			buildPhases = (
				6A3F3A3420AF8D3800FDC1A1 /* Sources */,
				6A3F3A3520AF8D3800FDC1A1 /* Frameworks */,
				6A3F3A3620AF8D3800FDC1A1 /* Resources */,
			);
			buildRules = (
			);
			dependencies = (
				6A3F3A3A20AF8D3800FDC1A1 /* PBXTargetDependency */,
			);
			name = pokusaj3Tests;
			productName = pokusaj3Tests;
			productReference = 6A3F3A3820AF8D3800FDC1A1 /* pokusaj3Tests.xctest */;
			productType = "com.apple.product-type.bundle.unit-test";
		};
		6A3F3A4220AF8D3900FDC1A1 /* pokusaj3UITests */ = {
			isa = PBXNativeTarget;
			buildConfigurationList = 6A3F3A5220AF8D3900FDC1A1 /* Build configuration list for PBXNativeTarget "pokusaj3UITests" */;
			buildPhases = (
				6A3F3A3F20AF8D3900FDC1A1 /* Sources */,
				6A3F3A4020AF8D3900FDC1A1 /* Frameworks */,
				6A3F3A4120AF8D3900FDC1A1 /* Resources */,
			);
			buildRules = (
			);
			dependencies = (
				6A3F3A4520AF8D3900FDC1A1 /* PBXTargetDependency */,
			);
			name = pokusaj3UITests;
			productName = pokusaj3UITests;
			productReference = 6A3F3A4320AF8D3900FDC1A1 /* pokusaj3UITests.xctest */;
			productType = "com.apple.product-type.bundle.ui-testing";
		};
/* End PBXNativeTarget section */

/* Begin PBXProject section */
		6A3F3A1520AF8D3800FDC1A1 /* Project object */ = {
			isa = PBXProject;
			attributes = {
				LastUpgradeCheck = 0930;
				ORGANIZATIONNAME = "Atlantbh Guest";
				TargetAttributes = {
					6A3F3A1C20AF8D3800FDC1A1 = {
						CreatedOnToolsVersion = 9.3.1;
					};
					6A3F3A3720AF8D3800FDC1A1 = {
						CreatedOnToolsVersion = 9.3.1;
						TestTargetID = 6A3F3A1C20AF8D3800FDC1A1;
					};
					6A3F3A4220AF8D3900FDC1A1 = {
						CreatedOnToolsVersion = 9.3.1;
						TestTargetID = 6A3F3A1C20AF8D3800FDC1A1;
					};
				};
			};
			buildConfigurationList = 6A3F3A1820AF8D3800FDC1A1 /* Build configuration list for PBXProject "pokusaj3" */;
			compatibilityVersion = "Xcode 9.3";
			developmentRegion = en;
			hasScannedForEncodings = 0;
			knownRegions = (
				en,
				Base,
			);
			mainGroup = 6A3F3A1420AF8D3800FDC1A1;
			productRefGroup = 6A3F3A1E20AF8D3800FDC1A1 /* Products */;
			projectDirPath = "";
			projectRoot = "";
			targets = (
				6A3F3A1C20AF8D3800FDC1A1 /* pokusaj3 */,
				6A3F3A3720AF8D3800FDC1A1 /* pokusaj3Tests */,
				6A3F3A4220AF8D3900FDC1A1 /* pokusaj3UITests */,
			);
		};
/* End PBXProject section */

/* Begin PBXResourcesBuildPhase section */
		6A3F3A1B20AF8D3800FDC1A1 /* Resources */ = {
			isa = PBXResourcesBuildPhase;
			buildActionMask = 2147483647;
			files = (
				6AF2C66320BEBCA2003C85CA /* SearchViewCell.xib in Resources */,
				6A3F3A3020AF8D3800FDC1A1 /* LaunchScreen.storyboard in Resources */,
				6AC7129C20CF361800A7992D /* OneReviewTableViewCell.xib in Resources */,
				6AC7128520CAB5F800A7992D /* PosterInImageGalleryCollectionViewCell.xib in Resources */,
				6AE4535E20C4B1EA00E50641 /* BasicMovieDetailCell.xib in Resources */,
				6AC7128F20CABAB400A7992D /* CollectionTableViewCell.xib in Resources */,
				6AE4535920C4B17D00E50641 /* VideoMovieDetailCell.xib in Resources */,
				6AC712C220D103F900A7992D /* ActorsMovieCollectionViewCell.xib in Resources */,
				6A3F3A2D20AF8D3800FDC1A1 /* Assets.xcassets in Resources */,
				6AC712A620CF393500A7992D /* ActorDetailsTableViewCell.xib in Resources */,
				6A3F3A2820AF8D3800FDC1A1 /* Main.storyboard in Resources */,
				6AC7128A20CAB6F500A7992D /* ActorCollectionViewCell.xib in Resources */,
				6AC712B320CF39EC00A7992D /* MovieCollectionViewCell.xib in Resources */,
			);
			runOnlyForDeploymentPostprocessing = 0;
		};
		6A3F3A3620AF8D3800FDC1A1 /* Resources */ = {
			isa = PBXResourcesBuildPhase;
			buildActionMask = 2147483647;
			files = (
			);
			runOnlyForDeploymentPostprocessing = 0;
		};
		6A3F3A4120AF8D3900FDC1A1 /* Resources */ = {
			isa = PBXResourcesBuildPhase;
			buildActionMask = 2147483647;
			files = (
			);
			runOnlyForDeploymentPostprocessing = 0;
		};
/* End PBXResourcesBuildPhase section */

/* Begin PBXShellScriptBuildPhase section */
		85DE63E46AFEA805AC017D8F /* [CP] Check Pods Manifest.lock */ = {
			isa = PBXShellScriptBuildPhase;
			buildActionMask = 2147483647;
			files = (
			);
			inputPaths = (
				"${PODS_PODFILE_DIR_PATH}/Podfile.lock",
				"${PODS_ROOT}/Manifest.lock",
			);
			name = "[CP] Check Pods Manifest.lock";
			outputPaths = (
				"$(DERIVED_FILE_DIR)/Pods-pokusaj3-checkManifestLockResult.txt",
			);
			runOnlyForDeploymentPostprocessing = 0;
			shellPath = /bin/sh;
			shellScript = "diff \"${PODS_PODFILE_DIR_PATH}/Podfile.lock\" \"${PODS_ROOT}/Manifest.lock\" > /dev/null\nif [ $? != 0 ] ; then\n    # print error to STDERR\n    echo \"error: The sandbox is not in sync with the Podfile.lock. Run 'pod install' or update your CocoaPods installation.\" >&2\n    exit 1\nfi\n# This output is used by Xcode 'outputs' to avoid re-running this script phase.\necho \"SUCCESS\" > \"${SCRIPT_OUTPUT_FILE_0}\"\n";
			showEnvVarsInLog = 0;
		};
		D8C7912F7DFBF4E676934531 /* [CP] Copy Pods Resources */ = {
			isa = PBXShellScriptBuildPhase;
			buildActionMask = 2147483647;
			files = (
			);
			inputPaths = (
				"${SRCROOT}/Pods/Target Support Files/Pods-pokusaj3/Pods-pokusaj3-resources.sh",
				"${PODS_ROOT}/youtube-ios-player-helper/youtube-ios-player-helper/Assets.bundle",
			);
			name = "[CP] Copy Pods Resources";
			outputPaths = (
				"${TARGET_BUILD_DIR}/${UNLOCALIZED_RESOURCES_FOLDER_PATH}/Assets.bundle",
			);
			runOnlyForDeploymentPostprocessing = 0;
			shellPath = /bin/sh;
			shellScript = "\"${SRCROOT}/Pods/Target Support Files/Pods-pokusaj3/Pods-pokusaj3-resources.sh\"\n";
			showEnvVarsInLog = 0;
		};
/* End PBXShellScriptBuildPhase section */

/* Begin PBXSourcesBuildPhase section */
		6A3F3A1920AF8D3800FDC1A1 /* Sources */ = {
			isa = PBXSourcesBuildPhase;
			buildActionMask = 2147483647;
			files = (
				6AC7128920CAB6F500A7992D /* ActorCollectionViewCell.m in Sources */,
				6AC712A520CF393500A7992D /* ActorDetailsTableViewCell.m in Sources */,
				6AF2C66620BFF80A003C85CA /* SearchMovieListController.m in Sources */,
				6AC7126120C5DCC500A7992D /* MovieDetailTableViewController.m in Sources */,
				6ACFD12320E269A600F32255 /* LGSideMenuController.m in Sources */,
				6AC7128420CAB5F800A7992D /* PosterInImageGalleryCollectionViewCell.m in Sources */,
				6AC712B920CF446900A7992D /* Review.m in Sources */,
				6AC712B220CF39EC00A7992D /* MovieCollectionViewCell.m in Sources */,
				6ACFD13820E3A73200F32255 /* User.m in Sources */,
				6AC7127120C960EE00A7992D /* Genre.m in Sources */,
				6AC7127A20C9E2C500A7992D /* CrewMember.m in Sources */,
				6AC7127420C9D4F800A7992D /* Actor.m in Sources */,
				6ACFD13220E3977B00F32255 /* VideoViewController.m in Sources */,
				6A3F3A2520AF8D3800FDC1A1 /* MovieListViewController.m in Sources */,
				6AC7129B20CF361800A7992D /* OneReviewTableViewCell.m in Sources */,
				6AC7127D20CAA7A100A7992D /* Image.m in Sources */,
				6ACFD12920E2FD2600F32255 /* LeftSideViewController.m in Sources */,
				6A9D666A20B1BC400025EEAD /* CustomCellCollectionViewCell.m in Sources */,
				6ACFD12420E269A600F32255 /* LGSideMenuGesturesHandler.m in Sources */,
				6AF2C66920BFFBCB003C85CA /* TMDbClass.m in Sources */,
				6ACFD12C20E3107900F32255 /* GalleryHeaderCollectionReusableView.m in Sources */,
				6A78B67420B820E3006AFDF1 /* Movie.m in Sources */,
				6AC712B620CF441700A7992D /* Reviews.m in Sources */,
				6AC712C520D12FCC00A7992D /* GalleryCollectionViewController.m in Sources */,
				6A3F3A3320AF8D3800FDC1A1 /* main.m in Sources */,
				6ACFD13B20E3C24100F32255 /* Authentication.m in Sources */,
				6ACFD13520E3A4B000F32255 /* LoginViewController.m in Sources */,
				6ACFD12120E269A600F32255 /* LGSideMenuView.m in Sources */,
				6AE4535D20C4B1EA00E50641 /* BasicMovieDetailCell.m in Sources */,
				6ACFD12620E269A600F32255 /* LGSideMenuBorderView.m in Sources */,
				6ACFD12520E269A600F32255 /* UIViewController+LGSideMenuController.m in Sources */,
				6AE4535820C4B17D00E50641 /* VideoMovieDetailCell.m in Sources */,
				6ACFD12020E269A600F32255 /* LGSideMenuHelper.m in Sources */,
				6AF2C66220BEBCA2003C85CA /* SearchViewCell.m in Sources */,
				6AC7126E20C69C1900A7992D /* MovieDetails.m in Sources */,
				6AC7128020CAA85B00A7992D /* Images.m in Sources */,
				6AC7127720C9DCD900A7992D /* Credits.m in Sources */,
				6ACFD12220E269A600F32255 /* LGSideMenuSegue.m in Sources */,
				6A3F3A2220AF8D3800FDC1A1 /* AppDelegate.m in Sources */,
				6AC712C120D103F900A7992D /* ActorsMovieCollectionViewCell.m in Sources */,
				6AC712BD20CFD82200A7992D /* ActorDetailsTableViewController.m in Sources */,
				6AC7128E20CABAB400A7992D /* CollectionTableViewCell.m in Sources */,
			);
			runOnlyForDeploymentPostprocessing = 0;
		};
		6A3F3A3420AF8D3800FDC1A1 /* Sources */ = {
			isa = PBXSourcesBuildPhase;
			buildActionMask = 2147483647;
			files = (
				6A3F3A3D20AF8D3800FDC1A1 /* pokusaj3Tests.m in Sources */,
			);
			runOnlyForDeploymentPostprocessing = 0;
		};
		6A3F3A3F20AF8D3900FDC1A1 /* Sources */ = {
			isa = PBXSourcesBuildPhase;
			buildActionMask = 2147483647;
			files = (
				6A3F3A4820AF8D3900FDC1A1 /* pokusaj3UITests.m in Sources */,
			);
			runOnlyForDeploymentPostprocessing = 0;
		};
/* End PBXSourcesBuildPhase section */

/* Begin PBXTargetDependency section */
		6A3F3A3A20AF8D3800FDC1A1 /* PBXTargetDependency */ = {
			isa = PBXTargetDependency;
			target = 6A3F3A1C20AF8D3800FDC1A1 /* pokusaj3 */;
			targetProxy = 6A3F3A3920AF8D3800FDC1A1 /* PBXContainerItemProxy */;
		};
		6A3F3A4520AF8D3900FDC1A1 /* PBXTargetDependency */ = {
			isa = PBXTargetDependency;
			target = 6A3F3A1C20AF8D3800FDC1A1 /* pokusaj3 */;
			targetProxy = 6A3F3A4420AF8D3900FDC1A1 /* PBXContainerItemProxy */;
		};
/* End PBXTargetDependency section */

/* Begin PBXVariantGroup section */
		6A3F3A2620AF8D3800FDC1A1 /* Main.storyboard */ = {
			isa = PBXVariantGroup;
			children = (
				6A3F3A2720AF8D3800FDC1A1 /* Base */,
			);
			name = Main.storyboard;
			sourceTree = "<group>";
		};
		6A3F3A2E20AF8D3800FDC1A1 /* LaunchScreen.storyboard */ = {
			isa = PBXVariantGroup;
			children = (
				6A3F3A2F20AF8D3800FDC1A1 /* Base */,
			);
			name = LaunchScreen.storyboard;
			sourceTree = "<group>";
		};
/* End PBXVariantGroup section */

/* Begin XCBuildConfiguration section */
		6A3F3A4A20AF8D3900FDC1A1 /* Debug */ = {
			isa = XCBuildConfiguration;
			buildSettings = {
				ALWAYS_SEARCH_USER_PATHS = NO;
				CLANG_ANALYZER_NONNULL = YES;
				CLANG_ANALYZER_NUMBER_OBJECT_CONVERSION = YES_AGGRESSIVE;
				CLANG_CXX_LANGUAGE_STANDARD = "gnu++14";
				CLANG_CXX_LIBRARY = "libc++";
				CLANG_ENABLE_MODULES = YES;
				CLANG_ENABLE_OBJC_ARC = YES;
				CLANG_ENABLE_OBJC_WEAK = YES;
				CLANG_WARN_BLOCK_CAPTURE_AUTORELEASING = YES;
				CLANG_WARN_BOOL_CONVERSION = YES;
				CLANG_WARN_COMMA = YES;
				CLANG_WARN_CONSTANT_CONVERSION = YES;
				CLANG_WARN_DEPRECATED_OBJC_IMPLEMENTATIONS = YES;
				CLANG_WARN_DIRECT_OBJC_ISA_USAGE = YES_ERROR;
				CLANG_WARN_DOCUMENTATION_COMMENTS = YES;
				CLANG_WARN_EMPTY_BODY = YES;
				CLANG_WARN_ENUM_CONVERSION = YES;
				CLANG_WARN_INFINITE_RECURSION = YES;
				CLANG_WARN_INT_CONVERSION = YES;
				CLANG_WARN_NON_LITERAL_NULL_CONVERSION = YES;
				CLANG_WARN_OBJC_IMPLICIT_RETAIN_SELF = YES;
				CLANG_WARN_OBJC_LITERAL_CONVERSION = YES;
				CLANG_WARN_OBJC_ROOT_CLASS = YES_ERROR;
				CLANG_WARN_RANGE_LOOP_ANALYSIS = YES;
				CLANG_WARN_STRICT_PROTOTYPES = YES;
				CLANG_WARN_SUSPICIOUS_MOVE = YES;
				CLANG_WARN_UNGUARDED_AVAILABILITY = YES_AGGRESSIVE;
				CLANG_WARN_UNREACHABLE_CODE = YES;
				CLANG_WARN__DUPLICATE_METHOD_MATCH = YES;
				CODE_SIGN_IDENTITY = "iPhone Developer";
				COPY_PHASE_STRIP = NO;
				DEBUG_INFORMATION_FORMAT = dwarf;
				ENABLE_STRICT_OBJC_MSGSEND = YES;
				ENABLE_TESTABILITY = YES;
				GCC_C_LANGUAGE_STANDARD = gnu11;
				GCC_DYNAMIC_NO_PIC = NO;
				GCC_NO_COMMON_BLOCKS = YES;
				GCC_OPTIMIZATION_LEVEL = 0;
				GCC_PREPROCESSOR_DEFINITIONS = (
					"DEBUG=1",
					"$(inherited)",
				);
				GCC_WARN_64_TO_32_BIT_CONVERSION = YES;
				GCC_WARN_ABOUT_RETURN_TYPE = YES_ERROR;
				GCC_WARN_UNDECLARED_SELECTOR = YES;
				GCC_WARN_UNINITIALIZED_AUTOS = YES_AGGRESSIVE;
				GCC_WARN_UNUSED_FUNCTION = YES;
				GCC_WARN_UNUSED_VARIABLE = YES;
				IPHONEOS_DEPLOYMENT_TARGET = 11.3;
				MTL_ENABLE_DEBUG_INFO = YES;
				ONLY_ACTIVE_ARCH = YES;
				SDKROOT = iphoneos;
			};
			name = Debug;
		};
		6A3F3A4B20AF8D3900FDC1A1 /* Release */ = {
			isa = XCBuildConfiguration;
			buildSettings = {
				ALWAYS_SEARCH_USER_PATHS = NO;
				CLANG_ANALYZER_NONNULL = YES;
				CLANG_ANALYZER_NUMBER_OBJECT_CONVERSION = YES_AGGRESSIVE;
				CLANG_CXX_LANGUAGE_STANDARD = "gnu++14";
				CLANG_CXX_LIBRARY = "libc++";
				CLANG_ENABLE_MODULES = YES;
				CLANG_ENABLE_OBJC_ARC = YES;
				CLANG_ENABLE_OBJC_WEAK = YES;
				CLANG_WARN_BLOCK_CAPTURE_AUTORELEASING = YES;
				CLANG_WARN_BOOL_CONVERSION = YES;
				CLANG_WARN_COMMA = YES;
				CLANG_WARN_CONSTANT_CONVERSION = YES;
				CLANG_WARN_DEPRECATED_OBJC_IMPLEMENTATIONS = YES;
				CLANG_WARN_DIRECT_OBJC_ISA_USAGE = YES_ERROR;
				CLANG_WARN_DOCUMENTATION_COMMENTS = YES;
				CLANG_WARN_EMPTY_BODY = YES;
				CLANG_WARN_ENUM_CONVERSION = YES;
				CLANG_WARN_INFINITE_RECURSION = YES;
				CLANG_WARN_INT_CONVERSION = YES;
				CLANG_WARN_NON_LITERAL_NULL_CONVERSION = YES;
				CLANG_WARN_OBJC_IMPLICIT_RETAIN_SELF = YES;
				CLANG_WARN_OBJC_LITERAL_CONVERSION = YES;
				CLANG_WARN_OBJC_ROOT_CLASS = YES_ERROR;
				CLANG_WARN_RANGE_LOOP_ANALYSIS = YES;
				CLANG_WARN_STRICT_PROTOTYPES = YES;
				CLANG_WARN_SUSPICIOUS_MOVE = YES;
				CLANG_WARN_UNGUARDED_AVAILABILITY = YES_AGGRESSIVE;
				CLANG_WARN_UNREACHABLE_CODE = YES;
				CLANG_WARN__DUPLICATE_METHOD_MATCH = YES;
				CODE_SIGN_IDENTITY = "iPhone Developer";
				COPY_PHASE_STRIP = NO;
				DEBUG_INFORMATION_FORMAT = "dwarf-with-dsym";
				ENABLE_NS_ASSERTIONS = NO;
				ENABLE_STRICT_OBJC_MSGSEND = YES;
				GCC_C_LANGUAGE_STANDARD = gnu11;
				GCC_NO_COMMON_BLOCKS = YES;
				GCC_WARN_64_TO_32_BIT_CONVERSION = YES;
				GCC_WARN_ABOUT_RETURN_TYPE = YES_ERROR;
				GCC_WARN_UNDECLARED_SELECTOR = YES;
				GCC_WARN_UNINITIALIZED_AUTOS = YES_AGGRESSIVE;
				GCC_WARN_UNUSED_FUNCTION = YES;
				GCC_WARN_UNUSED_VARIABLE = YES;
				IPHONEOS_DEPLOYMENT_TARGET = 11.3;
				MTL_ENABLE_DEBUG_INFO = NO;
				SDKROOT = iphoneos;
				VALIDATE_PRODUCT = YES;
			};
			name = Release;
		};
		6A3F3A4D20AF8D3900FDC1A1 /* Debug */ = {
			isa = XCBuildConfiguration;
			baseConfigurationReference = E5844F65BC61865C19896307 /* Pods-pokusaj3.debug.xcconfig */;
			buildSettings = {
				ASSETCATALOG_COMPILER_APPICON_NAME = AppIcon;
				CODE_SIGN_IDENTITY = "iPhone Developer";
				CODE_SIGN_STYLE = Automatic;
				DEVELOPMENT_TEAM = 2VW9AGB58R;
				HEADER_SEARCH_PATHS = (
					"$(inherited)/**",
					"\"${PODS_ROOT}/Headers/Public/AFNetworking\"/**",
					"\"${PODS_ROOT}/Headers/Public/ISO8601DateFormatterValueTransformer\"/**",
					"\"${PODS_ROOT}/Headers/Public/RKValueTransformers\"/**",
					"\"${PODS_ROOT}/Headers/Public/RestKit\"/**",
					"\"${PODS_ROOT}/Headers/Public/SOCKit\"/**",
					"\"${PODS_ROOT}/Headers/Public/TransitionKit\"/**",
					"\"${PODS_ROOT}/Headers/Public\"/**",
				);
				INFOPLIST_FILE = pokusaj3/Info.plist;
				IPHONEOS_DEPLOYMENT_TARGET = 9.0;
				LD_RUNPATH_SEARCH_PATHS = (
					"$(inherited)",
					"@executable_path/Frameworks",
				);
				PRODUCT_BUNDLE_IDENTIFIER = adna.pokusaj3;
				PRODUCT_NAME = "$(TARGET_NAME)";
				PROVISIONING_PROFILE_SPECIFIER = "";
				TARGETED_DEVICE_FAMILY = "1,2";
			};
			name = Debug;
		};
		6A3F3A4E20AF8D3900FDC1A1 /* Release */ = {
			isa = XCBuildConfiguration;
			baseConfigurationReference = 6FFF05B0DE3E7510128457EA /* Pods-pokusaj3.release.xcconfig */;
			buildSettings = {
				ASSETCATALOG_COMPILER_APPICON_NAME = AppIcon;
				CODE_SIGN_IDENTITY = "iPhone Developer";
				CODE_SIGN_STYLE = Automatic;
				DEVELOPMENT_TEAM = 2VW9AGB58R;
				HEADER_SEARCH_PATHS = (
					"$(inherited)/**",
					"\"${PODS_ROOT}/Headers/Public/AFNetworking\"/**",
					"\"${PODS_ROOT}/Headers/Public/ISO8601DateFormatterValueTransformer\"/**",
					"\"${PODS_ROOT}/Headers/Public/RKValueTransformers\"/**",
					"\"${PODS_ROOT}/Headers/Public/RestKit\"/**",
					"\"${PODS_ROOT}/Headers/Public/SOCKit\"/**",
					"\"${PODS_ROOT}/Headers/Public/TransitionKit\"/**",
					"\"${PODS_ROOT}/Headers/Public\"/**",
				);
				INFOPLIST_FILE = pokusaj3/Info.plist;
				IPHONEOS_DEPLOYMENT_TARGET = 9.0;
				LD_RUNPATH_SEARCH_PATHS = (
					"$(inherited)",
					"@executable_path/Frameworks",
				);
				PRODUCT_BUNDLE_IDENTIFIER = adna.pokusaj3;
				PRODUCT_NAME = "$(TARGET_NAME)";
				PROVISIONING_PROFILE_SPECIFIER = "";
				TARGETED_DEVICE_FAMILY = "1,2";
			};
			name = Release;
		};
		6A3F3A5020AF8D3900FDC1A1 /* Debug */ = {
			isa = XCBuildConfiguration;
			buildSettings = {
				BUNDLE_LOADER = "$(TEST_HOST)";
				CODE_SIGN_STYLE = Automatic;
				INFOPLIST_FILE = pokusaj3Tests/Info.plist;
				LD_RUNPATH_SEARCH_PATHS = (
					"$(inherited)",
					"@executable_path/Frameworks",
					"@loader_path/Frameworks",
				);
				PRODUCT_BUNDLE_IDENTIFIER = adna.pokusaj3Tests;
				PRODUCT_NAME = "$(TARGET_NAME)";
				TARGETED_DEVICE_FAMILY = "1,2";
				TEST_HOST = "$(BUILT_PRODUCTS_DIR)/pokusaj3.app/pokusaj3";
			};
			name = Debug;
		};
		6A3F3A5120AF8D3900FDC1A1 /* Release */ = {
			isa = XCBuildConfiguration;
			buildSettings = {
				BUNDLE_LOADER = "$(TEST_HOST)";
				CODE_SIGN_STYLE = Automatic;
				INFOPLIST_FILE = pokusaj3Tests/Info.plist;
				LD_RUNPATH_SEARCH_PATHS = (
					"$(inherited)",
					"@executable_path/Frameworks",
					"@loader_path/Frameworks",
				);
				PRODUCT_BUNDLE_IDENTIFIER = adna.pokusaj3Tests;
				PRODUCT_NAME = "$(TARGET_NAME)";
				TARGETED_DEVICE_FAMILY = "1,2";
				TEST_HOST = "$(BUILT_PRODUCTS_DIR)/pokusaj3.app/pokusaj3";
			};
			name = Release;
		};
		6A3F3A5320AF8D3900FDC1A1 /* Debug */ = {
			isa = XCBuildConfiguration;
			buildSettings = {
				CODE_SIGN_STYLE = Automatic;
				INFOPLIST_FILE = pokusaj3UITests/Info.plist;
				LD_RUNPATH_SEARCH_PATHS = (
					"$(inherited)",
					"@executable_path/Frameworks",
					"@loader_path/Frameworks",
				);
				PRODUCT_BUNDLE_IDENTIFIER = adna.pokusaj3UITests;
				PRODUCT_NAME = "$(TARGET_NAME)";
				TARGETED_DEVICE_FAMILY = "1,2";
				TEST_TARGET_NAME = pokusaj3;
			};
			name = Debug;
		};
		6A3F3A5420AF8D3900FDC1A1 /* Release */ = {
			isa = XCBuildConfiguration;
			buildSettings = {
				CODE_SIGN_STYLE = Automatic;
				INFOPLIST_FILE = pokusaj3UITests/Info.plist;
				LD_RUNPATH_SEARCH_PATHS = (
					"$(inherited)",
					"@executable_path/Frameworks",
					"@loader_path/Frameworks",
				);
				PRODUCT_BUNDLE_IDENTIFIER = adna.pokusaj3UITests;
				PRODUCT_NAME = "$(TARGET_NAME)";
				TARGETED_DEVICE_FAMILY = "1,2";
				TEST_TARGET_NAME = pokusaj3;
			};
			name = Release;
		};
/* End XCBuildConfiguration section */

/* Begin XCConfigurationList section */
		6A3F3A1820AF8D3800FDC1A1 /* Build configuration list for PBXProject "pokusaj3" */ = {
			isa = XCConfigurationList;
			buildConfigurations = (
				6A3F3A4A20AF8D3900FDC1A1 /* Debug */,
				6A3F3A4B20AF8D3900FDC1A1 /* Release */,
			);
			defaultConfigurationIsVisible = 0;
			defaultConfigurationName = Release;
		};
		6A3F3A4C20AF8D3900FDC1A1 /* Build configuration list for PBXNativeTarget "pokusaj3" */ = {
			isa = XCConfigurationList;
			buildConfigurations = (
				6A3F3A4D20AF8D3900FDC1A1 /* Debug */,
				6A3F3A4E20AF8D3900FDC1A1 /* Release */,
			);
			defaultConfigurationIsVisible = 0;
			defaultConfigurationName = Release;
		};
		6A3F3A4F20AF8D3900FDC1A1 /* Build configuration list for PBXNativeTarget "pokusaj3Tests" */ = {
			isa = XCConfigurationList;
			buildConfigurations = (
				6A3F3A5020AF8D3900FDC1A1 /* Debug */,
				6A3F3A5120AF8D3900FDC1A1 /* Release */,
			);
			defaultConfigurationIsVisible = 0;
			defaultConfigurationName = Release;
		};
		6A3F3A5220AF8D3900FDC1A1 /* Build configuration list for PBXNativeTarget "pokusaj3UITests" */ = {
			isa = XCConfigurationList;
			buildConfigurations = (
				6A3F3A5320AF8D3900FDC1A1 /* Debug */,
				6A3F3A5420AF8D3900FDC1A1 /* Release */,
			);
			defaultConfigurationIsVisible = 0;
			defaultConfigurationName = Release;
		};
/* End XCConfigurationList section */
	};
	rootObject = 6A3F3A1520AF8D3800FDC1A1 /* Project object */;
}
