// !$*UTF8*$!
{
	archiveVersion = 1;
	classes = {
	};
	objectVersion = 50;
	objects = {

/* Begin PBXBuildFile section */
		44B0355D2969F9350C27C3E5 /* libPods-pokusaj3.a in Frameworks */ = {isa = PBXBuildFile; fileRef = 7D73230D8B67F6F16AE51147 /* libPods-pokusaj3.a */; };
		6A3F3A2220AF8D3800FDC1A1 /* AppDelegate.m in Sources */ = {isa = PBXBuildFile; fileRef = 6A3F3A2120AF8D3800FDC1A1 /* AppDelegate.m */; };
		6A3F3A2520AF8D3800FDC1A1 /* MovieListViewController.m in Sources */ = {isa = PBXBuildFile; fileRef = 6A3F3A2420AF8D3800FDC1A1 /* MovieListViewController.m */; };
		6A3F3A2820AF8D3800FDC1A1 /* Main.storyboard in Resources */ = {isa = PBXBuildFile; fileRef = 6A3F3A2620AF8D3800FDC1A1 /* Main.storyboard */; };
		6A3F3A2D20AF8D3800FDC1A1 /* Assets.xcassets in Resources */ = {isa = PBXBuildFile; fileRef = 6A3F3A2C20AF8D3800FDC1A1 /* Assets.xcassets */; };
		6A3F3A3020AF8D3800FDC1A1 /* LaunchScreen.storyboard in Resources */ = {isa = PBXBuildFile; fileRef = 6A3F3A2E20AF8D3800FDC1A1 /* LaunchScreen.storyboard */; };
		6A3F3A3320AF8D3800FDC1A1 /* main.m in Sources */ = {isa = PBXBuildFile; fileRef = 6A3F3A3220AF8D3800FDC1A1 /* main.m */; };
		6A3F3A3D20AF8D3800FDC1A1 /* pokusaj3Tests.m in Sources */ = {isa = PBXBuildFile; fileRef = 6A3F3A3C20AF8D3800FDC1A1 /* pokusaj3Tests.m */; };
		6A3F3A4820AF8D3900FDC1A1 /* pokusaj3UITests.m in Sources */ = {isa = PBXBuildFile; fileRef = 6A3F3A4720AF8D3900FDC1A1 /* pokusaj3UITests.m */; };
		6A78B67420B820E3006AFDF1 /* Movie.m in Sources */ = {isa = PBXBuildFile; fileRef = 6A78B67320B820E3006AFDF1 /* Movie.m */; };
		6A9D666A20B1BC400025EEAD /* CustomCellCollectionViewCell.m in Sources */ = {isa = PBXBuildFile; fileRef = 6A9D666920B1BC400025EEAD /* CustomCellCollectionViewCell.m */; };
		6AF2C66220BEBCA2003C85CA /* SearchViewCell.m in Sources */ = {isa = PBXBuildFile; fileRef = 6AF2C66020BEBCA2003C85CA /* SearchViewCell.m */; };
		6AF2C66320BEBCA2003C85CA /* SearchViewCell.xib in Resources */ = {isa = PBXBuildFile; fileRef = 6AF2C66120BEBCA2003C85CA /* SearchViewCell.xib */; };
		6AF2C66620BFF80A003C85CA /* SearchMovieListController.m in Sources */ = {isa = PBXBuildFile; fileRef = 6AF2C66520BFF80A003C85CA /* SearchMovieListController.m */; };
		6AF2C66920BFFBCB003C85CA /* TMDbClass.m in Sources */ = {isa = PBXBuildFile; fileRef = 6AF2C66820BFFBCB003C85CA /* TMDbClass.m */; };
/* End PBXBuildFile section */

/* Begin PBXContainerItemProxy section */
		6A3F3A3920AF8D3800FDC1A1 /* PBXContainerItemProxy */ = {
			isa = PBXContainerItemProxy;
			containerPortal = 6A3F3A1520AF8D3800FDC1A1 /* Project object */;
			proxyType = 1;
			remoteGlobalIDString = 6A3F3A1C20AF8D3800FDC1A1;
			remoteInfo = pokusaj3;
		};
		6A3F3A4420AF8D3900FDC1A1 /* PBXContainerItemProxy */ = {
			isa = PBXContainerItemProxy;
			containerPortal = 6A3F3A1520AF8D3800FDC1A1 /* Project object */;
			proxyType = 1;
			remoteGlobalIDString = 6A3F3A1C20AF8D3800FDC1A1;
			remoteInfo = pokusaj3;
		};
/* End PBXContainerItemProxy section */

/* Begin PBXFileReference section */
		6A3F3A1D20AF8D3800FDC1A1 /* pokusaj3.app */ = {isa = PBXFileReference; explicitFileType = wrapper.application; includeInIndex = 0; path = pokusaj3.app; sourceTree = BUILT_PRODUCTS_DIR; };
		6A3F3A2020AF8D3800FDC1A1 /* AppDelegate.h */ = {isa = PBXFileReference; lastKnownFileType = sourcecode.c.h; path = AppDelegate.h; sourceTree = "<group>"; };
		6A3F3A2120AF8D3800FDC1A1 /* AppDelegate.m */ = {isa = PBXFileReference; lastKnownFileType = sourcecode.c.objc; path = AppDelegate.m; sourceTree = "<group>"; };
		6A3F3A2320AF8D3800FDC1A1 /* MovieListViewController.h */ = {isa = PBXFileReference; lastKnownFileType = sourcecode.c.h; path = MovieListViewController.h; sourceTree = "<group>"; };
		6A3F3A2420AF8D3800FDC1A1 /* MovieListViewController.m */ = {isa = PBXFileReference; lastKnownFileType = sourcecode.c.objc; path = MovieListViewController.m; sourceTree = "<group>"; };
		6A3F3A2720AF8D3800FDC1A1 /* Base */ = {isa = PBXFileReference; lastKnownFileType = file.storyboard; name = Base; path = Base.lproj/Main.storyboard; sourceTree = "<group>"; };
		6A3F3A2C20AF8D3800FDC1A1 /* Assets.xcassets */ = {isa = PBXFileReference; lastKnownFileType = folder.assetcatalog; path = Assets.xcassets; sourceTree = "<group>"; };
		6A3F3A2F20AF8D3800FDC1A1 /* Base */ = {isa = PBXFileReference; lastKnownFileType = file.storyboard; name = Base; path = Base.lproj/LaunchScreen.storyboard; sourceTree = "<group>"; };
		6A3F3A3120AF8D3800FDC1A1 /* Info.plist */ = {isa = PBXFileReference; lastKnownFileType = text.plist.xml; path = Info.plist; sourceTree = "<group>"; };
		6A3F3A3220AF8D3800FDC1A1 /* main.m */ = {isa = PBXFileReference; lastKnownFileType = sourcecode.c.objc; path = main.m; sourceTree = "<group>"; };
		6A3F3A3820AF8D3800FDC1A1 /* pokusaj3Tests.xctest */ = {isa = PBXFileReference; explicitFileType = wrapper.cfbundle; includeInIndex = 0; path = pokusaj3Tests.xctest; sourceTree = BUILT_PRODUCTS_DIR; };
		6A3F3A3C20AF8D3800FDC1A1 /* pokusaj3Tests.m */ = {isa = PBXFileReference; lastKnownFileType = sourcecode.c.objc; path = pokusaj3Tests.m; sourceTree = "<group>"; };
		6A3F3A3E20AF8D3800FDC1A1 /* Info.plist */ = {isa = PBXFileReference; lastKnownFileType = text.plist.xml; path = Info.plist; sourceTree = "<group>"; };
		6A3F3A4320AF8D3900FDC1A1 /* pokusaj3UITests.xctest */ = {isa = PBXFileReference; explicitFileType = wrapper.cfbundle; includeInIndex = 0; path = pokusaj3UITests.xctest; sourceTree = BUILT_PRODUCTS_DIR; };
		6A3F3A4720AF8D3900FDC1A1 /* pokusaj3UITests.m */ = {isa = PBXFileReference; lastKnownFileType = sourcecode.c.objc; path = pokusaj3UITests.m; sourceTree = "<group>"; };
		6A3F3A4920AF8D3900FDC1A1 /* Info.plist */ = {isa = PBXFileReference; lastKnownFileType = text.plist.xml; path = Info.plist; sourceTree = "<group>"; };
		6A78B67220B820E3006AFDF1 /* Movie.h */ = {isa = PBXFileReference; lastKnownFileType = sourcecode.c.h; path = Movie.h; sourceTree = "<group>"; };
		6A78B67320B820E3006AFDF1 /* Movie.m */ = {isa = PBXFileReference; lastKnownFileType = sourcecode.c.objc; path = Movie.m; sourceTree = "<group>"; };
		6A9D666820B1BC400025EEAD /* CustomCellCollectionViewCell.h */ = {isa = PBXFileReference; lastKnownFileType = sourcecode.c.h; path = CustomCellCollectionViewCell.h; sourceTree = "<group>"; };
		6A9D666920B1BC400025EEAD /* CustomCellCollectionViewCell.m */ = {isa = PBXFileReference; lastKnownFileType = sourcecode.c.objc; path = CustomCellCollectionViewCell.m; sourceTree = "<group>"; };
		6AF2C65F20BEBCA2003C85CA /* SearchViewCell.h */ = {isa = PBXFileReference; lastKnownFileType = sourcecode.c.h; path = SearchViewCell.h; sourceTree = "<group>"; };
		6AF2C66020BEBCA2003C85CA /* SearchViewCell.m */ = {isa = PBXFileReference; lastKnownFileType = sourcecode.c.objc; path = SearchViewCell.m; sourceTree = "<group>"; };
		6AF2C66120BEBCA2003C85CA /* SearchViewCell.xib */ = {isa = PBXFileReference; lastKnownFileType = file.xib; path = SearchViewCell.xib; sourceTree = "<group>"; };
		6AF2C66420BFF80A003C85CA /* SearchMovieListController.h */ = {isa = PBXFileReference; lastKnownFileType = sourcecode.c.h; path = SearchMovieListController.h; sourceTree = "<group>"; };
		6AF2C66520BFF80A003C85CA /* SearchMovieListController.m */ = {isa = PBXFileReference; lastKnownFileType = sourcecode.c.objc; path = SearchMovieListController.m; sourceTree = "<group>"; };
		6AF2C66720BFFBCB003C85CA /* TMDbClass.h */ = {isa = PBXFileReference; lastKnownFileType = sourcecode.c.h; path = TMDbClass.h; sourceTree = "<group>"; };
		6AF2C66820BFFBCB003C85CA /* TMDbClass.m */ = {isa = PBXFileReference; lastKnownFileType = sourcecode.c.objc; path = TMDbClass.m; sourceTree = "<group>"; };
		6FFF05B0DE3E7510128457EA /* Pods-pokusaj3.release.xcconfig */ = {isa = PBXFileReference; includeInIndex = 1; lastKnownFileType = text.xcconfig; name = "Pods-pokusaj3.release.xcconfig"; path = "Pods/Target Support Files/Pods-pokusaj3/Pods-pokusaj3.release.xcconfig"; sourceTree = "<group>"; };
		7D73230D8B67F6F16AE51147 /* libPods-pokusaj3.a */ = {isa = PBXFileReference; explicitFileType = archive.ar; includeInIndex = 0; path = "libPods-pokusaj3.a"; sourceTree = BUILT_PRODUCTS_DIR; };
		E5844F65BC61865C19896307 /* Pods-pokusaj3.debug.xcconfig */ = {isa = PBXFileReference; includeInIndex = 1; lastKnownFileType = text.xcconfig; name = "Pods-pokusaj3.debug.xcconfig"; path = "Pods/Target Support Files/Pods-pokusaj3/Pods-pokusaj3.debug.xcconfig"; sourceTree = "<group>"; };
/* End PBXFileReference section */

/* Begin PBXFrameworksBuildPhase section */
		6A3F3A1A20AF8D3800FDC1A1 /* Frameworks */ = {
			isa = PBXFrameworksBuildPhase;
			buildActionMask = 2147483647;
			files = (
				44B0355D2969F9350C27C3E5 /* libPods-pokusaj3.a in Frameworks */,
			);
			runOnlyForDeploymentPostprocessing = 0;
		};
		6A3F3A3520AF8D3800FDC1A1 /* Frameworks */ = {
			isa = PBXFrameworksBuildPhase;
			buildActionMask = 2147483647;
			files = (
			);
			runOnlyForDeploymentPostprocessing = 0;
		};
		6A3F3A4020AF8D3900FDC1A1 /* Frameworks */ = {
			isa = PBXFrameworksBuildPhase;
			buildActionMask = 2147483647;
			files = (
			);
			runOnlyForDeploymentPostprocessing = 0;
		};
/* End PBXFrameworksBuildPhase section */

/* Begin PBXGroup section */
		6A3F3A1420AF8D3800FDC1A1 = {
			isa = PBXGroup;
			children = (
				6A3F3A1F20AF8D3800FDC1A1 /* pokusaj3 */,
				6A3F3A3B20AF8D3800FDC1A1 /* pokusaj3Tests */,
				6A3F3A4620AF8D3900FDC1A1 /* pokusaj3UITests */,
				6A3F3A1E20AF8D3800FDC1A1 /* Products */,
				FDCD1D57AB67461626016058 /* Pods */,
				AE77719AC436A0F7438E1C7C /* Frameworks */,
			);
			sourceTree = "<group>";
			usesTabs = 0;
		};
		6A3F3A1E20AF8D3800FDC1A1 /* Products */ = {
			isa = PBXGroup;
			children = (
				6A3F3A1D20AF8D3800FDC1A1 /* pokusaj3.app */,
				6A3F3A3820AF8D3800FDC1A1 /* pokusaj3Tests.xctest */,
				6A3F3A4320AF8D3900FDC1A1 /* pokusaj3UITests.xctest */,
			);
			name = Products;
			sourceTree = "<group>";
		};
		6A3F3A1F20AF8D3800FDC1A1 /* pokusaj3 */ = {
			isa = PBXGroup;
			children = (
				6AF2C65D20BEBC5F003C85CA /* Model */,
				6AF2C65C20BEBC58003C85CA /* View */,
				6AF2C65B20BEBC4C003C85CA /* Controller */,
				6A3F3A2020AF8D3800FDC1A1 /* AppDelegate.h */,
				6A3F3A2120AF8D3800FDC1A1 /* AppDelegate.m */,
				6A3F3A2320AF8D3800FDC1A1 /* MovieListViewController.h */,
				6A3F3A2420AF8D3800FDC1A1 /* MovieListViewController.m */,
				6A3F3A2620AF8D3800FDC1A1 /* Main.storyboard */,
				6A3F3A2C20AF8D3800FDC1A1 /* Assets.xcassets */,
				6A3F3A2E20AF8D3800FDC1A1 /* LaunchScreen.storyboard */,
				6A3F3A3120AF8D3800FDC1A1 /* Info.plist */,
				6A3F3A3220AF8D3800FDC1A1 /* main.m */,
				6A9D666820B1BC400025EEAD /* CustomCellCollectionViewCell.h */,
				6A9D666920B1BC400025EEAD /* CustomCellCollectionViewCell.m */,
				6A78B67220B820E3006AFDF1 /* Movie.h */,
				6A78B67320B820E3006AFDF1 /* Movie.m */,
				6AF2C66420BFF80A003C85CA /* SearchMovieListController.h */,
				6AF2C66520BFF80A003C85CA /* SearchMovieListController.m */,
				6AF2C66720BFFBCB003C85CA /* TMDbClass.h */,
				6AF2C66820BFFBCB003C85CA /* TMDbClass.m */,
			);
			path = pokusaj3;
			sourceTree = "<group>";
		};
		6A3F3A3B20AF8D3800FDC1A1 /* pokusaj3Tests */ = {
			isa = PBXGroup;
			children = (
				6A3F3A3C20AF8D3800FDC1A1 /* pokusaj3Tests.m */,
				6A3F3A3E20AF8D3800FDC1A1 /* Info.plist */,
			);
			path = pokusaj3Tests;
			sourceTree = "<group>";
		};
		6A3F3A4620AF8D3900FDC1A1 /* pokusaj3UITests */ = {
			isa = PBXGroup;
			children = (
				6A3F3A4720AF8D3900FDC1A1 /* pokusaj3UITests.m */,
				6A3F3A4920AF8D3900FDC1A1 /* Info.plist */,
			);
			path = pokusaj3UITests;
			sourceTree = "<group>";
		};
		6AF2C65B20BEBC4C003C85CA /* Controller */ = {
			isa = PBXGroup;
			children = (
			);
			path = Controller;
			sourceTree = "<group>";
		};
		6AF2C65C20BEBC58003C85CA /* View */ = {
			isa = PBXGroup;
			children = (
				6AF2C65F20BEBCA2003C85CA /* SearchViewCell.h */,
				6AF2C66020BEBCA2003C85CA /* SearchViewCell.m */,
				6AF2C66120BEBCA2003C85CA /* SearchViewCell.xib */,
			);
			path = View;
			sourceTree = "<group>";
		};
		6AF2C65D20BEBC5F003C85CA /* Model */ = {
			isa = PBXGroup;
			children = (
			);
			path = Model;
			sourceTree = "<group>";
		};
		AE77719AC436A0F7438E1C7C /* Frameworks */ = {
			isa = PBXGroup;
			children = (
				7D73230D8B67F6F16AE51147 /* libPods-pokusaj3.a */,
			);
			name = Frameworks;
			sourceTree = "<group>";
		};
		FDCD1D57AB67461626016058 /* Pods */ = {
			isa = PBXGroup;
			children = (
				E5844F65BC61865C19896307 /* Pods-pokusaj3.debug.xcconfig */,
				6FFF05B0DE3E7510128457EA /* Pods-pokusaj3.release.xcconfig */,
			);
			name = Pods;
			sourceTree = "<group>";
		};
/* End PBXGroup section */

/* Begin PBXNativeTarget section */
		6A3F3A1C20AF8D3800FDC1A1 /* pokusaj3 */ = {
			isa = PBXNativeTarget;
			buildConfigurationList = 6A3F3A4C20AF8D3900FDC1A1 /* Build configuration list for PBXNativeTarget "pokusaj3" */;
			buildPhases = (
				85DE63E46AFEA805AC017D8F /* [CP] Check Pods Manifest.lock */,
				6A3F3A1920AF8D3800FDC1A1 /* Sources */,
				6A3F3A1A20AF8D3800FDC1A1 /* Frameworks */,
				6A3F3A1B20AF8D3800FDC1A1 /* Resources */,
			);
			buildRules = (
			);
			dependencies = (
			);
			name = pokusaj3;
			productName = pokusaj3;
			productReference = 6A3F3A1D20AF8D3800FDC1A1 /* pokusaj3.app */;
			productType = "com.apple.product-type.application";
		};
		6A3F3A3720AF8D3800FDC1A1 /* pokusaj3Tests */ = {
			isa = PBXNativeTarget;
			buildConfigurationList = 6A3F3A4F20AF8D3900FDC1A1 /* Build configuration list for PBXNativeTarget "pokusaj3Tests" */;
			buildPhases = (
				6A3F3A3420AF8D3800FDC1A1 /* Sources */,
				6A3F3A3520AF8D3800FDC1A1 /* Frameworks */,
				6A3F3A3620AF8D3800FDC1A1 /* Resources */,
			);
			buildRules = (
			);
			dependencies = (
				6A3F3A3A20AF8D3800FDC1A1 /* PBXTargetDependency */,
			);
			name = pokusaj3Tests;
			productName = pokusaj3Tests;
			productReference = 6A3F3A3820AF8D3800FDC1A1 /* pokusaj3Tests.xctest */;
			productType = "com.apple.product-type.bundle.unit-test";
		};
		6A3F3A4220AF8D3900FDC1A1 /* pokusaj3UITests */ = {
			isa = PBXNativeTarget;
			buildConfigurationList = 6A3F3A5220AF8D3900FDC1A1 /* Build configuration list for PBXNativeTarget "pokusaj3UITests" */;
			buildPhases = (
				6A3F3A3F20AF8D3900FDC1A1 /* Sources */,
				6A3F3A4020AF8D3900FDC1A1 /* Frameworks */,
				6A3F3A4120AF8D3900FDC1A1 /* Resources */,
			);
			buildRules = (
			);
			dependencies = (
				6A3F3A4520AF8D3900FDC1A1 /* PBXTargetDependency */,
			);
			name = pokusaj3UITests;
			productName = pokusaj3UITests;
			productReference = 6A3F3A4320AF8D3900FDC1A1 /* pokusaj3UITests.xctest */;
			productType = "com.apple.product-type.bundle.ui-testing";
		};
/* End PBXNativeTarget section */

/* Begin PBXProject section */
		6A3F3A1520AF8D3800FDC1A1 /* Project object */ = {
			isa = PBXProject;
			attributes = {
				LastUpgradeCheck = 0930;
				ORGANIZATIONNAME = "Atlantbh Guest";
				TargetAttributes = {
					6A3F3A1C20AF8D3800FDC1A1 = {
						CreatedOnToolsVersion = 9.3.1;
					};
					6A3F3A3720AF8D3800FDC1A1 = {
						CreatedOnToolsVersion = 9.3.1;
						TestTargetID = 6A3F3A1C20AF8D3800FDC1A1;
					};
					6A3F3A4220AF8D3900FDC1A1 = {
						CreatedOnToolsVersion = 9.3.1;
						TestTargetID = 6A3F3A1C20AF8D3800FDC1A1;
					};
				};
			};
			buildConfigurationList = 6A3F3A1820AF8D3800FDC1A1 /* Build configuration list for PBXProject "pokusaj3" */;
			compatibilityVersion = "Xcode 9.3";
			developmentRegion = en;
			hasScannedForEncodings = 0;
			knownRegions = (
				en,
				Base,
			);
			mainGroup = 6A3F3A1420AF8D3800FDC1A1;
			productRefGroup = 6A3F3A1E20AF8D3800FDC1A1 /* Products */;
			projectDirPath = "";
			projectRoot = "";
			targets = (
				6A3F3A1C20AF8D3800FDC1A1 /* pokusaj3 */,
				6A3F3A3720AF8D3800FDC1A1 /* pokusaj3Tests */,
				6A3F3A4220AF8D3900FDC1A1 /* pokusaj3UITests */,
			);
		};
/* End PBXProject section */

/* Begin PBXResourcesBuildPhase section */
		6A3F3A1B20AF8D3800FDC1A1 /* Resources */ = {
			isa = PBXResourcesBuildPhase;
			buildActionMask = 2147483647;
			files = (
				6AF2C66320BEBCA2003C85CA /* SearchViewCell.xib in Resources */,
				6A3F3A3020AF8D3800FDC1A1 /* LaunchScreen.storyboard in Resources */,
				6A3F3A2D20AF8D3800FDC1A1 /* Assets.xcassets in Resources */,
				6A3F3A2820AF8D3800FDC1A1 /* Main.storyboard in Resources */,
			);
			runOnlyForDeploymentPostprocessing = 0;
		};
		6A3F3A3620AF8D3800FDC1A1 /* Resources */ = {
			isa = PBXResourcesBuildPhase;
			buildActionMask = 2147483647;
			files = (
			);
			runOnlyForDeploymentPostprocessing = 0;
		};
		6A3F3A4120AF8D3900FDC1A1 /* Resources */ = {
			isa = PBXResourcesBuildPhase;
			buildActionMask = 2147483647;
			files = (
			);
			runOnlyForDeploymentPostprocessing = 0;
		};
/* End PBXResourcesBuildPhase section */

/* Begin PBXShellScriptBuildPhase section */
		85DE63E46AFEA805AC017D8F /* [CP] Check Pods Manifest.lock */ = {
			isa = PBXShellScriptBuildPhase;
			buildActionMask = 2147483647;
			files = (
			);
			inputPaths = (
				"${PODS_PODFILE_DIR_PATH}/Podfile.lock",
				"${PODS_ROOT}/Manifest.lock",
			);
			name = "[CP] Check Pods Manifest.lock";
			outputPaths = (
				"$(DERIVED_FILE_DIR)/Pods-pokusaj3-checkManifestLockResult.txt",
			);
			runOnlyForDeploymentPostprocessing = 0;
			shellPath = /bin/sh;
			shellScript = "diff \"${PODS_PODFILE_DIR_PATH}/Podfile.lock\" \"${PODS_ROOT}/Manifest.lock\" > /dev/null\nif [ $? != 0 ] ; then\n    # print error to STDERR\n    echo \"error: The sandbox is not in sync with the Podfile.lock. Run 'pod install' or update your CocoaPods installation.\" >&2\n    exit 1\nfi\n# This output is used by Xcode 'outputs' to avoid re-running this script phase.\necho \"SUCCESS\" > \"${SCRIPT_OUTPUT_FILE_0}\"\n";
			showEnvVarsInLog = 0;
		};
/* End PBXShellScriptBuildPhase section */

/* Begin PBXSourcesBuildPhase section */
		6A3F3A1920AF8D3800FDC1A1 /* Sources */ = {
			isa = PBXSourcesBuildPhase;
			buildActionMask = 2147483647;
			files = (
				6AF2C66620BFF80A003C85CA /* SearchMovieListController.m in Sources */,
				6A3F3A2520AF8D3800FDC1A1 /* MovieListViewController.m in Sources */,
				6A9D666A20B1BC400025EEAD /* CustomCellCollectionViewCell.m in Sources */,
				6AF2C66920BFFBCB003C85CA /* TMDbClass.m in Sources */,
				6A78B67420B820E3006AFDF1 /* Movie.m in Sources */,
				6A3F3A3320AF8D3800FDC1A1 /* main.m in Sources */,
				6AF2C66220BEBCA2003C85CA /* SearchViewCell.m in Sources */,
				6A3F3A2220AF8D3800FDC1A1 /* AppDelegate.m in Sources */,
			);
			runOnlyForDeploymentPostprocessing = 0;
		};
		6A3F3A3420AF8D3800FDC1A1 /* Sources */ = {
			isa = PBXSourcesBuildPhase;
			buildActionMask = 2147483647;
			files = (
				6A3F3A3D20AF8D3800FDC1A1 /* pokusaj3Tests.m in Sources */,
			);
			runOnlyForDeploymentPostprocessing = 0;
		};
		6A3F3A3F20AF8D3900FDC1A1 /* Sources */ = {
			isa = PBXSourcesBuildPhase;
			buildActionMask = 2147483647;
			files = (
				6A3F3A4820AF8D3900FDC1A1 /* pokusaj3UITests.m in Sources */,
			);
			runOnlyForDeploymentPostprocessing = 0;
		};
/* End PBXSourcesBuildPhase section */

/* Begin PBXTargetDependency section */
		6A3F3A3A20AF8D3800FDC1A1 /* PBXTargetDependency */ = {
			isa = PBXTargetDependency;
			target = 6A3F3A1C20AF8D3800FDC1A1 /* pokusaj3 */;
			targetProxy = 6A3F3A3920AF8D3800FDC1A1 /* PBXContainerItemProxy */;
		};
		6A3F3A4520AF8D3900FDC1A1 /* PBXTargetDependency */ = {
			isa = PBXTargetDependency;
			target = 6A3F3A1C20AF8D3800FDC1A1 /* pokusaj3 */;
			targetProxy = 6A3F3A4420AF8D3900FDC1A1 /* PBXContainerItemProxy */;
		};
/* End PBXTargetDependency section */

/* Begin PBXVariantGroup section */
		6A3F3A2620AF8D3800FDC1A1 /* Main.storyboard */ = {
			isa = PBXVariantGroup;
			children = (
				6A3F3A2720AF8D3800FDC1A1 /* Base */,
			);
			name = Main.storyboard;
			sourceTree = "<group>";
		};
		6A3F3A2E20AF8D3800FDC1A1 /* LaunchScreen.storyboard */ = {
			isa = PBXVariantGroup;
			children = (
				6A3F3A2F20AF8D3800FDC1A1 /* Base */,
			);
			name = LaunchScreen.storyboard;
			sourceTree = "<group>";
		};
/* End PBXVariantGroup section */

/* Begin XCBuildConfiguration section */
		6A3F3A4A20AF8D3900FDC1A1 /* Debug */ = {
			isa = XCBuildConfiguration;
			buildSettings = {
				ALWAYS_SEARCH_USER_PATHS = NO;
				CLANG_ANALYZER_NONNULL = YES;
				CLANG_ANALYZER_NUMBER_OBJECT_CONVERSION = YES_AGGRESSIVE;
				CLANG_CXX_LANGUAGE_STANDARD = "gnu++14";
				CLANG_CXX_LIBRARY = "libc++";
				CLANG_ENABLE_MODULES = YES;
				CLANG_ENABLE_OBJC_ARC = YES;
				CLANG_ENABLE_OBJC_WEAK = YES;
				CLANG_WARN_BLOCK_CAPTURE_AUTORELEASING = YES;
				CLANG_WARN_BOOL_CONVERSION = YES;
				CLANG_WARN_COMMA = YES;
				CLANG_WARN_CONSTANT_CONVERSION = YES;
				CLANG_WARN_DEPRECATED_OBJC_IMPLEMENTATIONS = YES;
				CLANG_WARN_DIRECT_OBJC_ISA_USAGE = YES_ERROR;
				CLANG_WARN_DOCUMENTATION_COMMENTS = YES;
				CLANG_WARN_EMPTY_BODY = YES;
				CLANG_WARN_ENUM_CONVERSION = YES;
				CLANG_WARN_INFINITE_RECURSION = YES;
				CLANG_WARN_INT_CONVERSION = YES;
				CLANG_WARN_NON_LITERAL_NULL_CONVERSION = YES;
				CLANG_WARN_OBJC_IMPLICIT_RETAIN_SELF = YES;
				CLANG_WARN_OBJC_LITERAL_CONVERSION = YES;
				CLANG_WARN_OBJC_ROOT_CLASS = YES_ERROR;
				CLANG_WARN_RANGE_LOOP_ANALYSIS = YES;
				CLANG_WARN_STRICT_PROTOTYPES = YES;
				CLANG_WARN_SUSPICIOUS_MOVE = YES;
				CLANG_WARN_UNGUARDED_AVAILABILITY = YES_AGGRESSIVE;
				CLANG_WARN_UNREACHABLE_CODE = YES;
				CLANG_WARN__DUPLICATE_METHOD_MATCH = YES;
				CODE_SIGN_IDENTITY = "iPhone Developer";
				COPY_PHASE_STRIP = NO;
				DEBUG_INFORMATION_FORMAT = dwarf;
				ENABLE_STRICT_OBJC_MSGSEND = YES;
				ENABLE_TESTABILITY = YES;
				GCC_C_LANGUAGE_STANDARD = gnu11;
				GCC_DYNAMIC_NO_PIC = NO;
				GCC_NO_COMMON_BLOCKS = YES;
				GCC_OPTIMIZATION_LEVEL = 0;
				GCC_PREPROCESSOR_DEFINITIONS = (
					"DEBUG=1",
					"$(inherited)",
				);
				GCC_WARN_64_TO_32_BIT_CONVERSION = YES;
				GCC_WARN_ABOUT_RETURN_TYPE = YES_ERROR;
				GCC_WARN_UNDECLARED_SELECTOR = YES;
				GCC_WARN_UNINITIALIZED_AUTOS = YES_AGGRESSIVE;
				GCC_WARN_UNUSED_FUNCTION = YES;
				GCC_WARN_UNUSED_VARIABLE = YES;
				IPHONEOS_DEPLOYMENT_TARGET = 11.3;
				MTL_ENABLE_DEBUG_INFO = YES;
				ONLY_ACTIVE_ARCH = YES;
				SDKROOT = iphoneos;
			};
			name = Debug;
		};
		6A3F3A4B20AF8D3900FDC1A1 /* Release */ = {
			isa = XCBuildConfiguration;
			buildSettings = {
				ALWAYS_SEARCH_USER_PATHS = NO;
				CLANG_ANALYZER_NONNULL = YES;
				CLANG_ANALYZER_NUMBER_OBJECT_CONVERSION = YES_AGGRESSIVE;
				CLANG_CXX_LANGUAGE_STANDARD = "gnu++14";
				CLANG_CXX_LIBRARY = "libc++";
				CLANG_ENABLE_MODULES = YES;
				CLANG_ENABLE_OBJC_ARC = YES;
				CLANG_ENABLE_OBJC_WEAK = YES;
				CLANG_WARN_BLOCK_CAPTURE_AUTORELEASING = YES;
				CLANG_WARN_BOOL_CONVERSION = YES;
				CLANG_WARN_COMMA = YES;
				CLANG_WARN_CONSTANT_CONVERSION = YES;
				CLANG_WARN_DEPRECATED_OBJC_IMPLEMENTATIONS = YES;
				CLANG_WARN_DIRECT_OBJC_ISA_USAGE = YES_ERROR;
				CLANG_WARN_DOCUMENTATION_COMMENTS = YES;
				CLANG_WARN_EMPTY_BODY = YES;
				CLANG_WARN_ENUM_CONVERSION = YES;
				CLANG_WARN_INFINITE_RECURSION = YES;
				CLANG_WARN_INT_CONVERSION = YES;
				CLANG_WARN_NON_LITERAL_NULL_CONVERSION = YES;
				CLANG_WARN_OBJC_IMPLICIT_RETAIN_SELF = YES;
				CLANG_WARN_OBJC_LITERAL_CONVERSION = YES;
				CLANG_WARN_OBJC_ROOT_CLASS = YES_ERROR;
				CLANG_WARN_RANGE_LOOP_ANALYSIS = YES;
				CLANG_WARN_STRICT_PROTOTYPES = YES;
				CLANG_WARN_SUSPICIOUS_MOVE = YES;
				CLANG_WARN_UNGUARDED_AVAILABILITY = YES_AGGRESSIVE;
				CLANG_WARN_UNREACHABLE_CODE = YES;
				CLANG_WARN__DUPLICATE_METHOD_MATCH = YES;
				CODE_SIGN_IDENTITY = "iPhone Developer";
				COPY_PHASE_STRIP = NO;
				DEBUG_INFORMATION_FORMAT = "dwarf-with-dsym";
				ENABLE_NS_ASSERTIONS = NO;
				ENABLE_STRICT_OBJC_MSGSEND = YES;
				GCC_C_LANGUAGE_STANDARD = gnu11;
				GCC_NO_COMMON_BLOCKS = YES;
				GCC_WARN_64_TO_32_BIT_CONVERSION = YES;
				GCC_WARN_ABOUT_RETURN_TYPE = YES_ERROR;
				GCC_WARN_UNDECLARED_SELECTOR = YES;
				GCC_WARN_UNINITIALIZED_AUTOS = YES_AGGRESSIVE;
				GCC_WARN_UNUSED_FUNCTION = YES;
				GCC_WARN_UNUSED_VARIABLE = YES;
				IPHONEOS_DEPLOYMENT_TARGET = 11.3;
				MTL_ENABLE_DEBUG_INFO = NO;
				SDKROOT = iphoneos;
				VALIDATE_PRODUCT = YES;
			};
			name = Release;
		};
		6A3F3A4D20AF8D3900FDC1A1 /* Debug */ = {
			isa = XCBuildConfiguration;
			baseConfigurationReference = E5844F65BC61865C19896307 /* Pods-pokusaj3.debug.xcconfig */;
			buildSettings = {
				ASSETCATALOG_COMPILER_APPICON_NAME = AppIcon;
				CODE_SIGN_STYLE = Automatic;
				HEADER_SEARCH_PATHS = (
					"$(inherited)/**",
					"\"${PODS_ROOT}/Headers/Public/AFNetworking\"/**",
					"\"${PODS_ROOT}/Headers/Public/ISO8601DateFormatterValueTransformer\"/**",
					"\"${PODS_ROOT}/Headers/Public/RKValueTransformers\"/**",
					"\"${PODS_ROOT}/Headers/Public/RestKit\"/**",
					"\"${PODS_ROOT}/Headers/Public/SOCKit\"/**",
					"\"${PODS_ROOT}/Headers/Public/TransitionKit\"/**",
					"\"${PODS_ROOT}/Headers/Public\"/**",
				);
				INFOPLIST_FILE = pokusaj3/Info.plist;
				IPHONEOS_DEPLOYMENT_TARGET = 9.0;
				LD_RUNPATH_SEARCH_PATHS = (
					"$(inherited)",
					"@executable_path/Frameworks",
				);
				PRODUCT_BUNDLE_IDENTIFIER = adna.pokusaj3;
				PRODUCT_NAME = "$(TARGET_NAME)";
				TARGETED_DEVICE_FAMILY = "1,2";
			};
			name = Debug;
		};
		6A3F3A4E20AF8D3900FDC1A1 /* Release */ = {
			isa = XCBuildConfiguration;
			baseConfigurationReference = 6FFF05B0DE3E7510128457EA /* Pods-pokusaj3.release.xcconfig */;
			buildSettings = {
				ASSETCATALOG_COMPILER_APPICON_NAME = AppIcon;
				CODE_SIGN_STYLE = Automatic;
				HEADER_SEARCH_PATHS = (
					"$(inherited)/**",
					"\"${PODS_ROOT}/Headers/Public/AFNetworking\"/**",
					"\"${PODS_ROOT}/Headers/Public/ISO8601DateFormatterValueTransformer\"/**",
					"\"${PODS_ROOT}/Headers/Public/RKValueTransformers\"/**",
					"\"${PODS_ROOT}/Headers/Public/RestKit\"/**",
					"\"${PODS_ROOT}/Headers/Public/SOCKit\"/**",
					"\"${PODS_ROOT}/Headers/Public/TransitionKit\"/**",
					"\"${PODS_ROOT}/Headers/Public\"/**",
				);
				INFOPLIST_FILE = pokusaj3/Info.plist;
				IPHONEOS_DEPLOYMENT_TARGET = 9.0;
				LD_RUNPATH_SEARCH_PATHS = (
					"$(inherited)",
					"@executable_path/Frameworks",
				);
				PRODUCT_BUNDLE_IDENTIFIER = adna.pokusaj3;
				PRODUCT_NAME = "$(TARGET_NAME)";
				TARGETED_DEVICE_FAMILY = "1,2";
			};
			name = Release;
		};
		6A3F3A5020AF8D3900FDC1A1 /* Debug */ = {
			isa = XCBuildConfiguration;
			buildSettings = {
				BUNDLE_LOADER = "$(TEST_HOST)";
				CODE_SIGN_STYLE = Automatic;
				INFOPLIST_FILE = pokusaj3Tests/Info.plist;
				LD_RUNPATH_SEARCH_PATHS = (
					"$(inherited)",
					"@executable_path/Frameworks",
					"@loader_path/Frameworks",
				);
				PRODUCT_BUNDLE_IDENTIFIER = adna.pokusaj3Tests;
				PRODUCT_NAME = "$(TARGET_NAME)";
				TARGETED_DEVICE_FAMILY = "1,2";
				TEST_HOST = "$(BUILT_PRODUCTS_DIR)/pokusaj3.app/pokusaj3";
			};
			name = Debug;
		};
		6A3F3A5120AF8D3900FDC1A1 /* Release */ = {
			isa = XCBuildConfiguration;
			buildSettings = {
				BUNDLE_LOADER = "$(TEST_HOST)";
				CODE_SIGN_STYLE = Automatic;
				INFOPLIST_FILE = pokusaj3Tests/Info.plist;
				LD_RUNPATH_SEARCH_PATHS = (
					"$(inherited)",
					"@executable_path/Frameworks",
					"@loader_path/Frameworks",
				);
				PRODUCT_BUNDLE_IDENTIFIER = adna.pokusaj3Tests;
				PRODUCT_NAME = "$(TARGET_NAME)";
				TARGETED_DEVICE_FAMILY = "1,2";
				TEST_HOST = "$(BUILT_PRODUCTS_DIR)/pokusaj3.app/pokusaj3";
			};
			name = Release;
		};
		6A3F3A5320AF8D3900FDC1A1 /* Debug */ = {
			isa = XCBuildConfiguration;
			buildSettings = {
				CODE_SIGN_STYLE = Automatic;
				INFOPLIST_FILE = pokusaj3UITests/Info.plist;
				LD_RUNPATH_SEARCH_PATHS = (
					"$(inherited)",
					"@executable_path/Frameworks",
					"@loader_path/Frameworks",
				);
				PRODUCT_BUNDLE_IDENTIFIER = adna.pokusaj3UITests;
				PRODUCT_NAME = "$(TARGET_NAME)";
				TARGETED_DEVICE_FAMILY = "1,2";
				TEST_TARGET_NAME = pokusaj3;
			};
			name = Debug;
		};
		6A3F3A5420AF8D3900FDC1A1 /* Release */ = {
			isa = XCBuildConfiguration;
			buildSettings = {
				CODE_SIGN_STYLE = Automatic;
				INFOPLIST_FILE = pokusaj3UITests/Info.plist;
				LD_RUNPATH_SEARCH_PATHS = (
					"$(inherited)",
					"@executable_path/Frameworks",
					"@loader_path/Frameworks",
				);
				PRODUCT_BUNDLE_IDENTIFIER = adna.pokusaj3UITests;
				PRODUCT_NAME = "$(TARGET_NAME)";
				TARGETED_DEVICE_FAMILY = "1,2";
				TEST_TARGET_NAME = pokusaj3;
			};
			name = Release;
		};
/* End XCBuildConfiguration section */

/* Begin XCConfigurationList section */
		6A3F3A1820AF8D3800FDC1A1 /* Build configuration list for PBXProject "pokusaj3" */ = {
			isa = XCConfigurationList;
			buildConfigurations = (
				6A3F3A4A20AF8D3900FDC1A1 /* Debug */,
				6A3F3A4B20AF8D3900FDC1A1 /* Release */,
			);
			defaultConfigurationIsVisible = 0;
			defaultConfigurationName = Release;
		};
		6A3F3A4C20AF8D3900FDC1A1 /* Build configuration list for PBXNativeTarget "pokusaj3" */ = {
			isa = XCConfigurationList;
			buildConfigurations = (
				6A3F3A4D20AF8D3900FDC1A1 /* Debug */,
				6A3F3A4E20AF8D3900FDC1A1 /* Release */,
			);
			defaultConfigurationIsVisible = 0;
			defaultConfigurationName = Release;
		};
		6A3F3A4F20AF8D3900FDC1A1 /* Build configuration list for PBXNativeTarget "pokusaj3Tests" */ = {
			isa = XCConfigurationList;
			buildConfigurations = (
				6A3F3A5020AF8D3900FDC1A1 /* Debug */,
				6A3F3A5120AF8D3900FDC1A1 /* Release */,
			);
			defaultConfigurationIsVisible = 0;
			defaultConfigurationName = Release;
		};
		6A3F3A5220AF8D3900FDC1A1 /* Build configuration list for PBXNativeTarget "pokusaj3UITests" */ = {
			isa = XCConfigurationList;
			buildConfigurations = (
				6A3F3A5320AF8D3900FDC1A1 /* Debug */,
				6A3F3A5420AF8D3900FDC1A1 /* Release */,
			);
			defaultConfigurationIsVisible = 0;
			defaultConfigurationName = Release;
		};
/* End XCConfigurationList section */
	};
	rootObject = 6A3F3A1520AF8D3800FDC1A1 /* Project object */;
}
